// !$*UTF8*$!
{
	archiveVersion = 1;
	classes = {
	};
	objectVersion = 46;
	objects = {
		5256C692ACE5CBA82FD1549B = {
			isa = PBXBuildFile;
			fileRef = 7736FCE57F7529D4A8BEAAEA;
		};
		7DE2C7A2B36D170B7F5BA853 = {
			isa = PBXBuildFile;
			fileRef = 7AC7927C246FD08230DE1006;
		};
		C7ADC93C038084B77831ECDE = {
			isa = PBXBuildFile;
			fileRef = 8BB405182635CEBAAAC0973B;
		};
		99AA1EA2CC2E90CFF84558E8 = {
			isa = PBXBuildFile;
			fileRef = 495629CB62763A99A662017B;
		};
		D0CA9933FF57635F28F7B24F = {
			isa = PBXBuildFile;
			fileRef = 93B0E86DF5E665DAC1395E31;
		};
		7E55A6F3C4AED7397D453840 = {
			isa = PBXBuildFile;
			fileRef = BC3DC2C4EFE6DC29208772AD;
		};
		8D6FCD0484D0BF4A604A1DE2 = {
			isa = PBXBuildFile;
			fileRef = 3D9046AB0AB73DCA94661502;
		};
		BC30253D5C3B7612F1C0C191 = {
			isa = PBXBuildFile;
			fileRef = 6AF842D92A0CF775222FAB02;
		};
		C27C0AC457416BD7A6871543 = {
			isa = PBXBuildFile;
			fileRef = 2638305975CB7067C6684660;
		};
		C70CE5EB6DEA747167CE034E = {
			isa = PBXBuildFile;
			fileRef = B4E5A4669E8CDDA0C69EDCE1;
		};
		E9A86E4B9375CD7F009DE521 = {
			isa = PBXBuildFile;
			fileRef = B1A90F416C0F1D56053FA1A7;
		};
		3D3B8695867CA1B573BE14E8 = {
			isa = PBXBuildFile;
			fileRef = 628A4FAF244BEE606CAD29CB;
		};
		725BF876A49204BE72F746AE = {
			isa = PBXBuildFile;
			fileRef = D5F03F113CDAB70E9A9AD220;
		};
		CF1B595342345C9C4D0A6A7C = {
			isa = PBXBuildFile;
			fileRef = 479BE7411B5F6887238279BA;
		};
		99C3354E7952E5B621527931 = {
			isa = PBXBuildFile;
			fileRef = 7F1D4AF34C211D86087B2C22;
		};
		DCFD6A73C85815620C6932B7 = {
			isa = PBXBuildFile;
			fileRef = 0B5F99CDEB191AA6590F6C99;
		};
		054E9343BE5DCEF8F89FA510 = {
			isa = PBXBuildFile;
			fileRef = C35814C2ACAB689A1D9C3DF2;
		};
		E7C09BF0F6AA17A0CBE15D54 = {
			isa = PBXBuildFile;
			fileRef = 11B853D8531D446A305288D0;
		};
		EA45B527900D574BB7D86C9A = {
			isa = PBXBuildFile;
			fileRef = 41A04C54874545C561108634;
		};
		4FD4616B5846DCAC0EDB5A8A = {
			isa = PBXBuildFile;
			fileRef = C9687F3492FEC9BD9F141AA6;
		};
		EE4CF01A9BA2F29BA3B2E945 = {
			isa = PBXBuildFile;
			fileRef = ABA890BD7F0937540CA01511;
		};
		ECA2F466AE3953379F7B04CE = {
			isa = PBXBuildFile;
			fileRef = C9827A2E7CF09C7C2BB0079B;
		};
		A91817C47C67FD315280AFC1 = {
			isa = PBXBuildFile;
			fileRef = C113A3450FE76722A1389848;
		};
		AE9EDCA67B370142479440AB = {
			isa = PBXBuildFile;
			fileRef = 46152075D75FFE422C9E8CAB;
		};
		A7B045F8A9CEB6CE50AB98BC = {
			isa = PBXBuildFile;
			fileRef = 93FF561B7FDF7EC40CE08548;
		};
		1ED794EEBAC4607AF657B80A = {
			isa = PBXBuildFile;
			fileRef = 56157C9124BCC7F2ED30A9B6;
		};
		B91D79B155E6393488D9C5ED = {
			isa = PBXBuildFile;
			fileRef = 1D943E03DE9D2FB393E01780;
		};
		6733EAD62AB174F1932AA2A1 = {
			isa = PBXBuildFile;
			fileRef = 046E500D0362320E5EAF2E45;
		};
		1AA7BEAA0CE589E2B0BA009A = {
			isa = PBXBuildFile;
			fileRef = 6B1966279F8501709DCDEBD7;
		};
		43C6C068780965C433C34BD6 = {
			isa = PBXBuildFile;
			fileRef = 5DBA3EEDDDCCA5E8C49A5976;
		};
		F3D88DCB7ADC6A053536E422 = {
			isa = PBXBuildFile;
			fileRef = 39C42E917AE22979B3B81AEE;
		};
		18EA5BEA459359563099C3E1 = {
			isa = PBXBuildFile;
			fileRef = A0F54532C58E392CAD794AC5;
		};
		34264338FFEDD7FA834E308E = {
			isa = PBXBuildFile;
			fileRef = 5A85FCBA75AC0D3B72E8A35A;
		};
		8D3FE3A7675178A3D2ABA3D3 = {
			isa = PBXBuildFile;
			fileRef = 86496CBF6723B9A045F1DB20;
		};
		1A7500EB505EF7B78B7FF134 = {
			isa = PBXBuildFile;
			fileRef = EBA61F930D8CC0197C3FCFAE;
		};
		BDF3BBF3400ED9527AC8A079 = {
			isa = PBXBuildFile;
			fileRef = 8F22FDB7776A07CA4644D1B5;
		};
		411E45C054DD564538DEADDD = {
			isa = PBXBuildFile;
			fileRef = 1CDF4EE3B2BACD97A3218C8F;
		};
		A7B20A1F722390FF3DC5D4D1 = {
			isa = PBXBuildFile;
			fileRef = 359562A9AB1A9E90530A685C;
		};
		FA3AB88733557BE641A8DD2B = {
			isa = PBXBuildFile;
			fileRef = B520F0EBF2327FCF42C494BE;
		};
		BB79773922A4EEAD4357C6B3 = {
			isa = PBXBuildFile;
			fileRef = 221A43731F78D1089C7F6DA4;
		};
		40E43CCA31E0547137B78F10 = {
			isa = PBXBuildFile;
			fileRef = FF1677710B8C1E39F3C68C7A;
		};
		046E500D0362320E5EAF2E45 = {
			isa = PBXFileReference;
			lastKnownFileType = sourcecode.cpp.objcpp;
			name = "include_juce_audio_plugin_client_AU_1.mm";
			path = "../../JuceLibraryCode/include_juce_audio_plugin_client_AU_1.mm";
			sourceTree = "SOURCE_ROOT";
		};
		0B5F99CDEB191AA6590F6C99 = {
			isa = PBXFileReference;
			lastKnownFileType = wrapper.framework;
			name = QuartzCore.framework;
			path = System/Library/Frameworks/QuartzCore.framework;
			sourceTree = SDKROOT;
		};
		11B853D8531D446A305288D0 = {
			isa = PBXFileReference;
			lastKnownFileType = file.nib;
			name = RecentFilesMenuTemplate.nib;
			path = RecentFilesMenuTemplate.nib;
			sourceTree = "SOURCE_ROOT";
		};
		1CDF4EE3B2BACD97A3218C8F = {
			isa = PBXFileReference;
			lastKnownFileType = sourcecode.cpp.objcpp;
			name = "include_juce_data_structures.mm";
			path = "../../JuceLibraryCode/include_juce_data_structures.mm";
			sourceTree = "SOURCE_ROOT";
		};
		1D943E03DE9D2FB393E01780 = {
			isa = PBXFileReference;
			lastKnownFileType = file.r;
			name = "include_juce_audio_plugin_client_AU.r";
			path = "../../JuceLibraryCode/include_juce_audio_plugin_client_AU.r";
			sourceTree = "SOURCE_ROOT";
		};
		1E2D48B268D5CEAD407BDC81 = {
			isa = PBXFileReference;
			lastKnownFileType = file;
			name = "juce_audio_formats";
			path = "/Users/maaz/JUCE/JUCE/modules/juce_audio_formats";
			sourceTree = "<absolute>";
		};
		21D86B40B44D80DA45B73B11 = {
			isa = PBXFileReference;
			lastKnownFileType = sourcecode.c.h;
			name = PluginProcessor.h;
			path = ../../Source/PluginProcessor.h;
			sourceTree = "SOURCE_ROOT";
		};
		2207365851C39A8EB7EF2883 = {
			isa = PBXFileReference;
			lastKnownFileType = file;
			name = "juce_data_structures";
			path = "/Users/maaz/JUCE/JUCE/modules/juce_data_structures";
			sourceTree = "<absolute>";
		};
		221A43731F78D1089C7F6DA4 = {
			isa = PBXFileReference;
			lastKnownFileType = sourcecode.cpp.objcpp;
			name = "include_juce_gui_basics.mm";
			path = "../../JuceLibraryCode/include_juce_gui_basics.mm";
			sourceTree = "SOURCE_ROOT";
		};
		2638305975CB7067C6684660 = {
			isa = PBXFileReference;
			lastKnownFileType = wrapper.framework;
			name = Cocoa.framework;
			path = System/Library/Frameworks/Cocoa.framework;
			sourceTree = SDKROOT;
		};
		33B0EEC63874362D5E108E40 = {
			isa = PBXFileReference;
			lastKnownFileType = file;
			name = "juce_audio_processors";
			path = "/Users/maaz/JUCE/JUCE/modules/juce_audio_processors";
			sourceTree = "<absolute>";
		};
		359562A9AB1A9E90530A685C = {
			isa = PBXFileReference;
			lastKnownFileType = sourcecode.cpp.objcpp;
			name = "include_juce_events.mm";
			path = "../../JuceLibraryCode/include_juce_events.mm";
			sourceTree = "SOURCE_ROOT";
		};
		39C42E917AE22979B3B81AEE = {
			isa = PBXFileReference;
			lastKnownFileType = sourcecode.cpp.cpp;
			name = "include_juce_audio_plugin_client_utils.cpp";
			path = "../../JuceLibraryCode/include_juce_audio_plugin_client_utils.cpp";
			sourceTree = "SOURCE_ROOT";
		};
		3B3F17D03A50FF8655EE5CC3 = {
			isa = PBXFileReference;
			lastKnownFileType = file;
			name = "juce_graphics";
			path = "/Users/maaz/JUCE/JUCE/modules/juce_graphics";
			sourceTree = "<absolute>";
		};
		3D9046AB0AB73DCA94661502 = {
			isa = PBXFileReference;
			lastKnownFileType = wrapper.framework;
			name = AudioToolbox.framework;
			path = System/Library/Frameworks/AudioToolbox.framework;
			sourceTree = SDKROOT;
		};
		3F66FD7DD7BF9707CAC4EF62 = {
			isa = PBXFileReference;
			lastKnownFileType = sourcecode.c.h;
			name = JucePluginDefines.h;
			path = ../../JuceLibraryCode/JucePluginDefines.h;
			sourceTree = "SOURCE_ROOT";
		};
		41A04C54874545C561108634 = {
			isa = PBXFileReference;
			lastKnownFileType = sourcecode.cpp.cpp;
			name = Utilities.cpp;
			path = ../../Source/Utilities.cpp;
			sourceTree = "SOURCE_ROOT";
		};
		424808B9786C96DF01EEC2E9 = {
			isa = PBXFileReference;
			lastKnownFileType = file;
			name = "juce_audio_devices";
			path = "/Users/maaz/JUCE/JUCE/modules/juce_audio_devices";
			sourceTree = "<absolute>";
		};
		46152075D75FFE422C9E8CAB = {
			isa = PBXFileReference;
			lastKnownFileType = sourcecode.cpp.objcpp;
			name = "include_juce_audio_basics.mm";
			path = "../../JuceLibraryCode/include_juce_audio_basics.mm";
			sourceTree = "SOURCE_ROOT";
		};
		479BE7411B5F6887238279BA = {
			isa = PBXFileReference;
			lastKnownFileType = wrapper.framework;
			name = Foundation.framework;
			path = System/Library/Frameworks/Foundation.framework;
			sourceTree = SDKROOT;
		};
		51851943E3BF66D144A2D36E = {
			isa = PBXFileReference;
			lastKnownFileType = sourcecode.c.h;
			name = Utilities.h;
			path = ../../Source/Utilities.h;
			sourceTree = "SOURCE_ROOT";
		};
		56157C9124BCC7F2ED30A9B6 = {
			isa = PBXFileReference;
			lastKnownFileType = sourcecode.cpp.objcpp;
			name = "include_juce_audio_formats.mm";
			path = "../../JuceLibraryCode/include_juce_audio_formats.mm";
			sourceTree = "SOURCE_ROOT";
		};
		5A85FCBA75AC0D3B72E8A35A = {
			isa = PBXFileReference;
			lastKnownFileType = sourcecode.cpp.cpp;
			name = "include_juce_audio_plugin_client_VST3.cpp";
			path = "../../JuceLibraryCode/include_juce_audio_plugin_client_VST3.cpp";
			sourceTree = "SOURCE_ROOT";
		};
		628A4FAF244BEE606CAD29CB = {
			isa = PBXFileReference;
			lastKnownFileType = wrapper.framework;
			name = CoreMIDI.framework;
			path = System/Library/Frameworks/CoreMIDI.framework;
			sourceTree = SDKROOT;
		};
		6A0D3599B18DCC128A894006 = {
			isa = PBXFileReference;
			lastKnownFileType = file;
			name = "juce_audio_plugin_client";
			path = "/Users/maaz/JUCE/JUCE/modules/juce_audio_plugin_client";
			sourceTree = "<absolute>";
		};
		6AF842D92A0CF775222FAB02 = {
			isa = PBXFileReference;
			lastKnownFileType = wrapper.framework;
			name = Carbon.framework;
			path = System/Library/Frameworks/Carbon.framework;
			sourceTree = SDKROOT;
		};
		7736FCE57F7529D4A8BEAAEA = {
			isa = PBXFileReference;
			explicitFileType = wrapper.cfbundle;
			includeInIndex = 0;
			path = MidiScalesPlugin.vst3;
			sourceTree = "BUILT_PRODUCTS_DIR";
		};
		7AC7927C246FD08230DE1006 = {
			isa = PBXFileReference;
			explicitFileType = wrapper.cfbundle;
			includeInIndex = 0;
			path = MidiScalesPlugin.component;
			sourceTree = "BUILT_PRODUCTS_DIR";
		};
		7F1D4AF34C211D86087B2C22 = {
			isa = PBXFileReference;
			lastKnownFileType = wrapper.framework;
			name = IOKit.framework;
			path = System/Library/Frameworks/IOKit.framework;
			sourceTree = SDKROOT;
		};
		8BB405182635CEBAAAC0973B = {
			isa = PBXFileReference;
			explicitFileType = wrapper.application;
			includeInIndex = 0;
			path = MidiScalesPlugin.app;
			sourceTree = "BUILT_PRODUCTS_DIR";
		};
		495629CB62763A99A662017B = {
			isa = PBXFileReference;
			explicitFileType = archive.ar;
			includeInIndex = 0;
			path = libMidiScalesPlugin.a;
			sourceTree = "BUILT_PRODUCTS_DIR";
		};
		5DBA3EEDDDCCA5E8C49A5976 = {
			isa = PBXFileReference;
			lastKnownFileType = sourcecode.cpp.cpp;
			name = "include_juce_audio_plugin_client_Standalone.cpp";
			path = "../../JuceLibraryCode/include_juce_audio_plugin_client_Standalone.cpp";
			sourceTree = "SOURCE_ROOT";
		};
		6B1966279F8501709DCDEBD7 = {
			isa = PBXFileReference;
			lastKnownFileType = sourcecode.cpp.objcpp;
			name = "include_juce_audio_plugin_client_AU_2.mm";
			path = "../../JuceLibraryCode/include_juce_audio_plugin_client_AU_2.mm";
			sourceTree = "SOURCE_ROOT";
		};
		6B8165EE76ABFFA59C88FB26 = {
			isa = PBXFileReference;
			lastKnownFileType = file;
			name = "juce_audio_utils";
			path = "/Users/maaz/JUCE/JUCE/modules/juce_audio_utils";
			sourceTree = "<absolute>";
		};
		86496CBF6723B9A045F1DB20 = {
			isa = PBXFileReference;
			lastKnownFileType = sourcecode.cpp.objcpp;
			name = "include_juce_audio_processors.mm";
			path = "../../JuceLibraryCode/include_juce_audio_processors.mm";
			sourceTree = "SOURCE_ROOT";
		};
		8F22FDB7776A07CA4644D1B5 = {
			isa = PBXFileReference;
			lastKnownFileType = sourcecode.cpp.objcpp;
			name = "include_juce_core.mm";
			path = "../../JuceLibraryCode/include_juce_core.mm";
			sourceTree = "SOURCE_ROOT";
		};
		93B0E86DF5E665DAC1395E31 = {
			isa = PBXFileReference;
			lastKnownFileType = wrapper.framework;
			name = AudioUnit.framework;
			path = System/Library/Frameworks/AudioUnit.framework;
			sourceTree = SDKROOT;
		};
		93FF561B7FDF7EC40CE08548 = {
			isa = PBXFileReference;
			lastKnownFileType = sourcecode.cpp.objcpp;
			name = "include_juce_audio_devices.mm";
			path = "../../JuceLibraryCode/include_juce_audio_devices.mm";
			sourceTree = "SOURCE_ROOT";
		};
		98E498D0DF29C1653184DF0A = {
			isa = PBXFileReference;
			lastKnownFileType = sourcecode.c.h;
			name = PressedChord.h;
			path = ../../Source/PressedChord.h;
			sourceTree = "SOURCE_ROOT";
		};
		9BEC8D58236F9756FFA7216A = {
			isa = PBXFileReference;
			lastKnownFileType = sourcecode.c.h;
			name = JuceHeader.h;
			path = ../../JuceLibraryCode/JuceHeader.h;
			sourceTree = "SOURCE_ROOT";
		};
		A0F54532C58E392CAD794AC5 = {
			isa = PBXFileReference;
			lastKnownFileType = sourcecode.cpp.objcpp;
			name = "include_juce_audio_plugin_client_VST_utils.mm";
			path = "../../JuceLibraryCode/include_juce_audio_plugin_client_VST_utils.mm";
			sourceTree = "SOURCE_ROOT";
		};
		ABA890BD7F0937540CA01511 = {
			isa = PBXFileReference;
			lastKnownFileType = sourcecode.cpp.cpp;
			name = ScalesKeyboardComponent.cpp;
			path = ../../Source/ScalesKeyboardComponent.cpp;
			sourceTree = "SOURCE_ROOT";
		};
		B0EB594937C2091AF18A1C29 = {
			isa = PBXFileReference;
			lastKnownFileType = text.plist.xml;
			name = "Info-AU.plist";
			path = "Info-AU.plist";
			sourceTree = "SOURCE_ROOT";
		};
		B1A90F416C0F1D56053FA1A7 = {
			isa = PBXFileReference;
			lastKnownFileType = wrapper.framework;
			name = CoreAudioKit.framework;
			path = System/Library/Frameworks/CoreAudioKit.framework;
			sourceTree = SDKROOT;
		};
		B32CC755E145482242BB5022 = {
			isa = PBXFileReference;
			lastKnownFileType = text.plist.xml;
			name = "Info-VST3.plist";
			path = "Info-VST3.plist";
			sourceTree = "SOURCE_ROOT";
		};
		B4E5A4669E8CDDA0C69EDCE1 = {
			isa = PBXFileReference;
			lastKnownFileType = wrapper.framework;
			name = CoreAudio.framework;
			path = System/Library/Frameworks/CoreAudio.framework;
			sourceTree = SDKROOT;
		};
		B520F0EBF2327FCF42C494BE = {
			isa = PBXFileReference;
			lastKnownFileType = sourcecode.cpp.objcpp;
			name = "include_juce_graphics.mm";
			path = "../../JuceLibraryCode/include_juce_graphics.mm";
			sourceTree = "SOURCE_ROOT";
		};
		B89448882F5362BAE25E9D73 = {
			isa = PBXFileReference;
			lastKnownFileType = file;
			name = "juce_events";
			path = "/Users/maaz/JUCE/JUCE/modules/juce_events";
			sourceTree = "<absolute>";
		};
		BC3DC2C4EFE6DC29208772AD = {
			isa = PBXFileReference;
			lastKnownFileType = wrapper.framework;
			name = Accelerate.framework;
			path = System/Library/Frameworks/Accelerate.framework;
			sourceTree = SDKROOT;
		};
		BF12B70B94AB5327A7B49FFA = {
			isa = PBXFileReference;
			lastKnownFileType = file;
			name = "juce_audio_basics";
			path = "/Users/maaz/JUCE/JUCE/modules/juce_audio_basics";
			sourceTree = "<absolute>";
		};
		C113A3450FE76722A1389848 = {
			isa = PBXFileReference;
			lastKnownFileType = sourcecode.cpp.cpp;
			name = PluginEditor.cpp;
			path = ../../Source/PluginEditor.cpp;
			sourceTree = "SOURCE_ROOT";
		};
		C1615FFF3C36B84B5EBC9CEC = {
			isa = PBXFileReference;
			lastKnownFileType = sourcecode.c.h;
			name = ScalesKeyboardComponent.h;
			path = ../../Source/ScalesKeyboardComponent.h;
			sourceTree = "SOURCE_ROOT";
		};
		C35814C2ACAB689A1D9C3DF2 = {
			isa = PBXFileReference;
			lastKnownFileType = wrapper.framework;
			name = WebKit.framework;
			path = System/Library/Frameworks/WebKit.framework;
			sourceTree = SDKROOT;
		};
		C9687F3492FEC9BD9F141AA6 = {
			isa = PBXFileReference;
			lastKnownFileType = sourcecode.cpp.cpp;
			name = PressedChord.cpp;
			path = ../../Source/PressedChord.cpp;
			sourceTree = "SOURCE_ROOT";
		};
		C9827A2E7CF09C7C2BB0079B = {
			isa = PBXFileReference;
			lastKnownFileType = sourcecode.cpp.cpp;
			name = PluginProcessor.cpp;
			path = ../../Source/PluginProcessor.cpp;
			sourceTree = "SOURCE_ROOT";
		};
		D5F03F113CDAB70E9A9AD220 = {
			isa = PBXFileReference;
			lastKnownFileType = wrapper.framework;
			name = DiscRecording.framework;
			path = System/Library/Frameworks/DiscRecording.framework;
			sourceTree = SDKROOT;
		};
		D7861430A18B598C6438E259 = {
			isa = PBXFileReference;
			lastKnownFileType = sourcecode.c.h;
			name = PluginEditor.h;
			path = ../../Source/PluginEditor.h;
			sourceTree = "SOURCE_ROOT";
		};
		DCB0BCCAF56D4EC3B1FB45B8 = {
			isa = PBXFileReference;
			lastKnownFileType = file;
			name = "juce_gui_extra";
			path = "/Users/maaz/JUCE/JUCE/modules/juce_gui_extra";
			sourceTree = "<absolute>";
		};
		E2D8A7ED62D8C9EAB8EE030B = {
			isa = PBXFileReference;
			lastKnownFileType = file;
			name = "juce_gui_basics";
			path = "/Users/maaz/JUCE/JUCE/modules/juce_gui_basics";
			sourceTree = "<absolute>";
		};
		E3D1B05079E77F52FC7C8625 = {
			isa = PBXFileReference;
			lastKnownFileType = file;
			name = "juce_core";
			path = "/Users/maaz/JUCE/JUCE/modules/juce_core";
			sourceTree = "<absolute>";
		};
		EBA61F930D8CC0197C3FCFAE = {
			isa = PBXFileReference;
			lastKnownFileType = sourcecode.cpp.objcpp;
			name = "include_juce_audio_utils.mm";
			path = "../../JuceLibraryCode/include_juce_audio_utils.mm";
			sourceTree = "SOURCE_ROOT";
		};
		EFFF9110E9571279D824887A = {
			isa = PBXFileReference;
			lastKnownFileType = text.plist.xml;
			name = "Info-Standalone_Plugin.plist";
			path = "Info-Standalone_Plugin.plist";
			sourceTree = "SOURCE_ROOT";
		};
		FF1677710B8C1E39F3C68C7A = {
			isa = PBXFileReference;
			lastKnownFileType = sourcecode.cpp.objcpp;
			name = "include_juce_gui_extra.mm";
			path = "../../JuceLibraryCode/include_juce_gui_extra.mm";
			sourceTree = "SOURCE_ROOT";
		};
		00B7F238B765983F47DCA658 = {
			isa = PBXGroup;
			children = (
				41A04C54874545C561108634,
				51851943E3BF66D144A2D36E,
				C9687F3492FEC9BD9F141AA6,
				98E498D0DF29C1653184DF0A,
				ABA890BD7F0937540CA01511,
				C1615FFF3C36B84B5EBC9CEC,
				C9827A2E7CF09C7C2BB0079B,
				21D86B40B44D80DA45B73B11,
				C113A3450FE76722A1389848,
				D7861430A18B598C6438E259,
			);
			name = Source;
			sourceTree = "<group>";
		};
		6B9D35770E7D503F7B2763F9 = {
			isa = PBXGroup;
			children = (
				00B7F238B765983F47DCA658,
			);
			name = MidiScalesPlugin;
			sourceTree = "<group>";
		};
		C32C0834B73DBE75D7A848C1 = {
			isa = PBXGroup;
			children = (
				BF12B70B94AB5327A7B49FFA,
				424808B9786C96DF01EEC2E9,
				1E2D48B268D5CEAD407BDC81,
				6A0D3599B18DCC128A894006,
				33B0EEC63874362D5E108E40,
				6B8165EE76ABFFA59C88FB26,
				E3D1B05079E77F52FC7C8625,
				2207365851C39A8EB7EF2883,
				B89448882F5362BAE25E9D73,
				3B3F17D03A50FF8655EE5CC3,
				E2D8A7ED62D8C9EAB8EE030B,
				DCB0BCCAF56D4EC3B1FB45B8,
			);
			name = "JUCE Modules";
			sourceTree = "<group>";
		};
		23C25C3AB951BF8C63C2ACFD = {
			isa = PBXGroup;
			children = (
				46152075D75FFE422C9E8CAB,
				93FF561B7FDF7EC40CE08548,
				56157C9124BCC7F2ED30A9B6,
				1D943E03DE9D2FB393E01780,
				046E500D0362320E5EAF2E45,
				6B1966279F8501709DCDEBD7,
				5DBA3EEDDDCCA5E8C49A5976,
				39C42E917AE22979B3B81AEE,
				A0F54532C58E392CAD794AC5,
				5A85FCBA75AC0D3B72E8A35A,
				86496CBF6723B9A045F1DB20,
				EBA61F930D8CC0197C3FCFAE,
				8F22FDB7776A07CA4644D1B5,
				1CDF4EE3B2BACD97A3218C8F,
				359562A9AB1A9E90530A685C,
				B520F0EBF2327FCF42C494BE,
				221A43731F78D1089C7F6DA4,
				FF1677710B8C1E39F3C68C7A,
				9BEC8D58236F9756FFA7216A,
				3F66FD7DD7BF9707CAC4EF62,
			);
			name = "JUCE Library Code";
			sourceTree = "<group>";
		};
		BC7E31E33759874BEFE018DC = {
			isa = PBXGroup;
			children = (
				B32CC755E145482242BB5022,
				B0EB594937C2091AF18A1C29,
				EFFF9110E9571279D824887A,
				11B853D8531D446A305288D0,
			);
			name = Resources;
			sourceTree = "<group>";
		};
		F3127BBB0BD5DDDD47E439F7 = {
			isa = PBXGroup;
			children = (
				93B0E86DF5E665DAC1395E31,
				BC3DC2C4EFE6DC29208772AD,
				3D9046AB0AB73DCA94661502,
				6AF842D92A0CF775222FAB02,
				2638305975CB7067C6684660,
				B4E5A4669E8CDDA0C69EDCE1,
				B1A90F416C0F1D56053FA1A7,
				628A4FAF244BEE606CAD29CB,
				D5F03F113CDAB70E9A9AD220,
				479BE7411B5F6887238279BA,
				7F1D4AF34C211D86087B2C22,
				0B5F99CDEB191AA6590F6C99,
				C35814C2ACAB689A1D9C3DF2,
			);
			name = Frameworks;
			sourceTree = "<group>";
		};
		B44DAA538A46D2CF00B8998B = {
			isa = PBXGroup;
			children = (
				7736FCE57F7529D4A8BEAAEA,
				7AC7927C246FD08230DE1006,
				8BB405182635CEBAAAC0973B,
				495629CB62763A99A662017B,
			);
			name = Products;
			sourceTree = "<group>";
		};
		68B9E98DA15450402C8425CE = {
			isa = PBXGroup;
			children = (
				6B9D35770E7D503F7B2763F9,
				C32C0834B73DBE75D7A848C1,
				23C25C3AB951BF8C63C2ACFD,
				BC7E31E33759874BEFE018DC,
				F3127BBB0BD5DDDD47E439F7,
				B44DAA538A46D2CF00B8998B,
			);
			name = Source;
			sourceTree = "<group>";
		};
		B4A1720FE83BB049A5B5C4C3 = {
			isa = PBXTargetDependency;
			target = 0B5E459F1B010D0DACA0842A;
		};
		0D27917B704FAFDEB0E00B3D = {
			isa = PBXTargetDependency;
			target = BE66000BA679FD0548216B81;
		};
		07888E70EFA93CEDAC88085D = {
			isa = PBXTargetDependency;
			target = 3D60088EFF1FCEBB61504DF9;
		};
		7A4FA9A428B774E7499BEBD7 = {
			isa = PBXTargetDependency;
			target = 287565EFC335BF5FA9A3FB08;
		};
		2DC2BE406CD49D484C34579C = {
			isa = PBXTargetDependency;
			target = 287565EFC335BF5FA9A3FB08;
		};
		2335D71642E2E1AB9211340D = {
			isa = PBXTargetDependency;
			target = 287565EFC335BF5FA9A3FB08;
		};
		5D72F469D1C2EC640BF4CE05 = {
			isa = PBXTargetDependency;
			target = 287565EFC335BF5FA9A3FB08;
		};
		90C4E74383FF4B059C2C7B0E = {
			isa = XCBuildConfiguration;
			buildSettings = {
				MACOSX_DEPLOYMENT_TARGET = 10.11;
				SDKROOT = macosx;
			};
			name = Debug;
		};
		A84D7E8F14EB422E6569CD08 = {
			isa = XCBuildConfiguration;
			buildSettings = {
				MACOSX_DEPLOYMENT_TARGET = 10.11;
				SDKROOT = macosx;
			};
			name = Release;
		};
		EFF4A40F537AE45773DC64CD = {
			isa = XCBuildConfiguration;
			buildSettings = {
				CLANG_CXX_LANGUAGE_STANDARD = "c++14";
				CLANG_CXX_LIBRARY = "libc++";
				CLANG_LINK_OBJC_RUNTIME = NO;
				CODE_SIGN_IDENTITY = "";
				COMBINE_HIDPI_IMAGES = YES;
				CONFIGURATION_BUILD_DIR = "$(PROJECT_DIR)/build/$(CONFIGURATION)";
				COPY_PHASE_STRIP = NO;
				DEPLOYMENT_LOCATION = YES;
				DSTROOT = /;
				GCC_DYNAMIC_NO_PIC = NO;
				GCC_OPTIMIZATION_LEVEL = 0;
				GCC_PREPROCESSOR_DEFINITIONS = (
					"_DEBUG=1",
					"DEBUG=1",
					"JUCE_DISPLAY_SPLASH_SCREEN=0",
					"JUCE_USE_DARK_SPLASH_SCREEN=1",
					"JUCE_PROJUCER_VERSION=0x60005",
					"JUCE_MODULE_AVAILABLE_juce_audio_basics=1",
					"JUCE_MODULE_AVAILABLE_juce_audio_devices=1",
					"JUCE_MODULE_AVAILABLE_juce_audio_formats=1",
					"JUCE_MODULE_AVAILABLE_juce_audio_plugin_client=1",
					"JUCE_MODULE_AVAILABLE_juce_audio_processors=1",
					"JUCE_MODULE_AVAILABLE_juce_audio_utils=1",
					"JUCE_MODULE_AVAILABLE_juce_core=1",
					"JUCE_MODULE_AVAILABLE_juce_data_structures=1",
					"JUCE_MODULE_AVAILABLE_juce_events=1",
					"JUCE_MODULE_AVAILABLE_juce_graphics=1",
					"JUCE_MODULE_AVAILABLE_juce_gui_basics=1",
					"JUCE_MODULE_AVAILABLE_juce_gui_extra=1",
					"JUCE_GLOBAL_MODULE_SETTINGS_INCLUDED=1",
					"JUCE_VST3_CAN_REPLACE_VST2=0",
					"JUCE_STRICT_REFCOUNTEDPOINTER=1",
					"JucePlugin_Build_VST=0",
					"JucePlugin_Build_VST3=1",
					"JucePlugin_Build_AU=0",
					"JucePlugin_Build_AUv3=0",
					"JucePlugin_Build_RTAS=0",
					"JucePlugin_Build_AAX=0",
					"JucePlugin_Build_Standalone=0",
					"JucePlugin_Build_Unity=0",
					"JucePlugin_Enable_IAA=0",
					"JucePlugin_Name=\\\"MidiScalesPlugin\\\"",
					"JucePlugin_Desc=\\\"MidiScalesPlugin\\\"",
					"JucePlugin_Manufacturer=\\\"TechnoBros\\\"",
					"JucePlugin_ManufacturerWebsite=\\\"\\\"",
					"JucePlugin_ManufacturerEmail=\\\"\\\"",
					"JucePlugin_ManufacturerCode=0x4d616e75",
					"JucePlugin_PluginCode=0x45626f73",
					"JucePlugin_IsSynth=0",
					"JucePlugin_WantsMidiInput=1",
					"JucePlugin_ProducesMidiOutput=1",
					"JucePlugin_IsMidiEffect=0",
					"JucePlugin_EditorRequiresKeyboardFocus=0",
					"JucePlugin_Version=1.0.0",
					"JucePlugin_VersionCode=0x10000",
					"JucePlugin_VersionString=\\\"1.0.0\\\"",
					"JucePlugin_VSTUniqueID=JucePlugin_PluginCode",
					"JucePlugin_VSTCategory=kPlugCategEffect",
					"JucePlugin_Vst3Category=\\\"Instrument\\\"",
					"JucePlugin_AUMainType='aumf'",
					"JucePlugin_AUSubType=JucePlugin_PluginCode",
					"JucePlugin_AUExportPrefix=MidiScalesPluginAU",
					"JucePlugin_AUExportPrefixQuoted=\\\"MidiScalesPluginAU\\\"",
					"JucePlugin_AUManufacturerCode=JucePlugin_ManufacturerCode",
					"JucePlugin_CFBundleIdentifier=com.TechnoBros.MidiScalesPlugin",
					"JucePlugin_RTASCategory=0",
					"JucePlugin_RTASManufacturerCode=JucePlugin_ManufacturerCode",
					"JucePlugin_RTASProductId=JucePlugin_PluginCode",
					"JucePlugin_RTASDisableBypass=0",
					"JucePlugin_RTASDisableMultiMono=0",
					"JucePlugin_AAXIdentifier=com.TechnoBros.MidiScalesPlugin",
					"JucePlugin_AAXManufacturerCode=JucePlugin_ManufacturerCode",
					"JucePlugin_AAXProductId=JucePlugin_PluginCode",
					"JucePlugin_AAXCategory=0",
					"JucePlugin_AAXDisableBypass=0",
					"JucePlugin_AAXDisableMultiMono=0",
					"JucePlugin_IAAType=0x6175726d",
					"JucePlugin_IAASubType=JucePlugin_PluginCode",
					"JucePlugin_IAAName=\\\"TechnoBros:\\ MidiScalesPlugin\\\"",
					"JucePlugin_VSTNumMidiInputs=16",
					"JucePlugin_VSTNumMidiOutputs=16",
					"JUCE_STANDALONE_APPLICATION=JucePlugin_Build_Standalone",
					"JUCER_XCODE_MAC_F6D2F4CF=1",
					"JUCE_APP_VERSION=1.0.0",
					"JUCE_APP_VERSION_HEX=0x10000",
				);
				GCC_VERSION = com.apple.compilers.llvm.clang.1_0;
				GENERATE_PKGINFO_FILE = YES;
				HEADER_SEARCH_PATHS = (
					"/Users/maaz/JUCE/JUCE/modules/juce_audio_processors/format_types/VST3_SDK",
					"../../JuceLibraryCode",
					"/Users/maaz/JUCE/JUCE/modules",
					"/Users/maaz/JUCE/JUCE/modules/juce_audio_plugin_client",
					"$(inherited)",
				);
				INFOPLIST_FILE = Info-VST3.plist;
				INFOPLIST_PREPROCESS = NO;
				INSTALL_PATH = "$(HOME)/Library/Audio/Plug-Ins/VST3/";
				LIBRARY_STYLE = Bundle;
				MACOSX_DEPLOYMENT_TARGET = 10.11;
				MTL_HEADER_SEARCH_PATHS = (
					"/Users/maaz/JUCE/JUCE/modules/juce_audio_processors/format_types/VST3_SDK",
					"../../JuceLibraryCode",
					"/Users/maaz/JUCE/JUCE/modules",
					"/Users/maaz/JUCE/JUCE/modules/juce_audio_plugin_client",
				);
				OTHER_LDFLAGS = "-bundle -lMidiScalesPlugin";
				PRODUCT_BUNDLE_IDENTIFIER = com.TechnoBros.MidiScalesPlugin;
				PRODUCT_NAME = "MidiScalesPlugin";
				USE_HEADERMAP = NO;
				VALID_ARCHS = "i386 x86_64 arm64 arm64e";
				WRAPPER_EXTENSION = vst3;
			};
			name = Debug;
		};
		275E6744ABB710F0CDFAF445 = {
			isa = XCBuildConfiguration;
			buildSettings = {
				CLANG_CXX_LANGUAGE_STANDARD = "c++14";
				CLANG_CXX_LIBRARY = "libc++";
				CLANG_LINK_OBJC_RUNTIME = NO;
				CODE_SIGN_IDENTITY = "";
				COMBINE_HIDPI_IMAGES = YES;
				CONFIGURATION_BUILD_DIR = "$(PROJECT_DIR)/build/$(CONFIGURATION)";
				DEAD_CODE_STRIPPING = YES;
				DEPLOYMENT_LOCATION = YES;
				DSTROOT = /;
				GCC_GENERATE_DEBUGGING_SYMBOLS = NO;
				GCC_OPTIMIZATION_LEVEL = 3;
				GCC_PREPROCESSOR_DEFINITIONS = (
					"_NDEBUG=1",
					"NDEBUG=1",
					"JUCE_DISPLAY_SPLASH_SCREEN=0",
					"JUCE_USE_DARK_SPLASH_SCREEN=1",
					"JUCE_PROJUCER_VERSION=0x60005",
					"JUCE_MODULE_AVAILABLE_juce_audio_basics=1",
					"JUCE_MODULE_AVAILABLE_juce_audio_devices=1",
					"JUCE_MODULE_AVAILABLE_juce_audio_formats=1",
					"JUCE_MODULE_AVAILABLE_juce_audio_plugin_client=1",
					"JUCE_MODULE_AVAILABLE_juce_audio_processors=1",
					"JUCE_MODULE_AVAILABLE_juce_audio_utils=1",
					"JUCE_MODULE_AVAILABLE_juce_core=1",
					"JUCE_MODULE_AVAILABLE_juce_data_structures=1",
					"JUCE_MODULE_AVAILABLE_juce_events=1",
					"JUCE_MODULE_AVAILABLE_juce_graphics=1",
					"JUCE_MODULE_AVAILABLE_juce_gui_basics=1",
					"JUCE_MODULE_AVAILABLE_juce_gui_extra=1",
					"JUCE_GLOBAL_MODULE_SETTINGS_INCLUDED=1",
					"JUCE_VST3_CAN_REPLACE_VST2=0",
					"JUCE_STRICT_REFCOUNTEDPOINTER=1",
					"JucePlugin_Build_VST=0",
					"JucePlugin_Build_VST3=1",
					"JucePlugin_Build_AU=0",
					"JucePlugin_Build_AUv3=0",
					"JucePlugin_Build_RTAS=0",
					"JucePlugin_Build_AAX=0",
					"JucePlugin_Build_Standalone=0",
					"JucePlugin_Build_Unity=0",
					"JucePlugin_Enable_IAA=0",
					"JucePlugin_Name=\\\"MidiScalesPlugin\\\"",
					"JucePlugin_Desc=\\\"MidiScalesPlugin\\\"",
					"JucePlugin_Manufacturer=\\\"TechnoBros\\\"",
					"JucePlugin_ManufacturerWebsite=\\\"\\\"",
					"JucePlugin_ManufacturerEmail=\\\"\\\"",
					"JucePlugin_ManufacturerCode=0x4d616e75",
					"JucePlugin_PluginCode=0x45626f73",
					"JucePlugin_IsSynth=0",
					"JucePlugin_WantsMidiInput=1",
					"JucePlugin_ProducesMidiOutput=1",
					"JucePlugin_IsMidiEffect=0",
					"JucePlugin_EditorRequiresKeyboardFocus=0",
					"JucePlugin_Version=1.0.0",
					"JucePlugin_VersionCode=0x10000",
					"JucePlugin_VersionString=\\\"1.0.0\\\"",
					"JucePlugin_VSTUniqueID=JucePlugin_PluginCode",
					"JucePlugin_VSTCategory=kPlugCategEffect",
					"JucePlugin_Vst3Category=\\\"Instrument\\\"",
					"JucePlugin_AUMainType='aumf'",
					"JucePlugin_AUSubType=JucePlugin_PluginCode",
					"JucePlugin_AUExportPrefix=MidiScalesPluginAU",
					"JucePlugin_AUExportPrefixQuoted=\\\"MidiScalesPluginAU\\\"",
					"JucePlugin_AUManufacturerCode=JucePlugin_ManufacturerCode",
					"JucePlugin_CFBundleIdentifier=com.TechnoBros.MidiScalesPlugin",
					"JucePlugin_RTASCategory=0",
					"JucePlugin_RTASManufacturerCode=JucePlugin_ManufacturerCode",
					"JucePlugin_RTASProductId=JucePlugin_PluginCode",
					"JucePlugin_RTASDisableBypass=0",
					"JucePlugin_RTASDisableMultiMono=0",
					"JucePlugin_AAXIdentifier=com.TechnoBros.MidiScalesPlugin",
					"JucePlugin_AAXManufacturerCode=JucePlugin_ManufacturerCode",
					"JucePlugin_AAXProductId=JucePlugin_PluginCode",
					"JucePlugin_AAXCategory=0",
					"JucePlugin_AAXDisableBypass=0",
					"JucePlugin_AAXDisableMultiMono=0",
					"JucePlugin_IAAType=0x6175726d",
					"JucePlugin_IAASubType=JucePlugin_PluginCode",
					"JucePlugin_IAAName=\\\"TechnoBros:\\ MidiScalesPlugin\\\"",
					"JucePlugin_VSTNumMidiInputs=16",
					"JucePlugin_VSTNumMidiOutputs=16",
					"JUCE_STANDALONE_APPLICATION=JucePlugin_Build_Standalone",
					"JUCER_XCODE_MAC_F6D2F4CF=1",
					"JUCE_APP_VERSION=1.0.0",
					"JUCE_APP_VERSION_HEX=0x10000",
				);
				GCC_VERSION = com.apple.compilers.llvm.clang.1_0;
				GENERATE_PKGINFO_FILE = YES;
				HEADER_SEARCH_PATHS = (
					"/Users/maaz/JUCE/JUCE/modules/juce_audio_processors/format_types/VST3_SDK",
					"../../JuceLibraryCode",
					"/Users/maaz/JUCE/JUCE/modules",
					"/Users/maaz/JUCE/JUCE/modules/juce_audio_plugin_client",
					"$(inherited)",
				);
				INFOPLIST_FILE = Info-VST3.plist;
				INFOPLIST_PREPROCESS = NO;
				INSTALL_PATH = "$(HOME)/Library/Audio/Plug-Ins/VST3/";
				LIBRARY_STYLE = Bundle;
				LLVM_LTO = YES;
				MACOSX_DEPLOYMENT_TARGET = 10.11;
				MTL_HEADER_SEARCH_PATHS = (
					"/Users/maaz/JUCE/JUCE/modules/juce_audio_processors/format_types/VST3_SDK",
					"../../JuceLibraryCode",
					"/Users/maaz/JUCE/JUCE/modules",
					"/Users/maaz/JUCE/JUCE/modules/juce_audio_plugin_client",
				);
				OTHER_LDFLAGS = "-bundle -lMidiScalesPlugin";
				PRODUCT_BUNDLE_IDENTIFIER = com.TechnoBros.MidiScalesPlugin;
				PRODUCT_NAME = "MidiScalesPlugin";
				USE_HEADERMAP = NO;
				VALID_ARCHS = "i386 x86_64 arm64 arm64e";
				WRAPPER_EXTENSION = vst3;
			};
			name = Release;
		};
		61C5BE76E806FE6D10C97293 = {
			isa = XCBuildConfiguration;
			buildSettings = {
				CLANG_CXX_LANGUAGE_STANDARD = "c++14";
				CLANG_CXX_LIBRARY = "libc++";
				CLANG_LINK_OBJC_RUNTIME = NO;
				CODE_SIGN_IDENTITY = "";
				COMBINE_HIDPI_IMAGES = YES;
				CONFIGURATION_BUILD_DIR = "$(PROJECT_DIR)/build/$(CONFIGURATION)";
				COPY_PHASE_STRIP = NO;
				DEPLOYMENT_LOCATION = YES;
				DSTROOT = /;
				GCC_DYNAMIC_NO_PIC = NO;
				GCC_OPTIMIZATION_LEVEL = 0;
				GCC_PREPROCESSOR_DEFINITIONS = (
					"_DEBUG=1",
					"DEBUG=1",
					"JUCE_DISPLAY_SPLASH_SCREEN=0",
					"JUCE_USE_DARK_SPLASH_SCREEN=1",
					"JUCE_PROJUCER_VERSION=0x60005",
					"JUCE_MODULE_AVAILABLE_juce_audio_basics=1",
					"JUCE_MODULE_AVAILABLE_juce_audio_devices=1",
					"JUCE_MODULE_AVAILABLE_juce_audio_formats=1",
					"JUCE_MODULE_AVAILABLE_juce_audio_plugin_client=1",
					"JUCE_MODULE_AVAILABLE_juce_audio_processors=1",
					"JUCE_MODULE_AVAILABLE_juce_audio_utils=1",
					"JUCE_MODULE_AVAILABLE_juce_core=1",
					"JUCE_MODULE_AVAILABLE_juce_data_structures=1",
					"JUCE_MODULE_AVAILABLE_juce_events=1",
					"JUCE_MODULE_AVAILABLE_juce_graphics=1",
					"JUCE_MODULE_AVAILABLE_juce_gui_basics=1",
					"JUCE_MODULE_AVAILABLE_juce_gui_extra=1",
					"JUCE_GLOBAL_MODULE_SETTINGS_INCLUDED=1",
					"JUCE_VST3_CAN_REPLACE_VST2=0",
					"JUCE_STRICT_REFCOUNTEDPOINTER=1",
					"JucePlugin_Build_VST=0",
					"JucePlugin_Build_VST3=0",
					"JucePlugin_Build_AU=1",
					"JucePlugin_Build_AUv3=0",
					"JucePlugin_Build_RTAS=0",
					"JucePlugin_Build_AAX=0",
					"JucePlugin_Build_Standalone=0",
					"JucePlugin_Build_Unity=0",
					"JucePlugin_Enable_IAA=0",
					"JucePlugin_Name=\\\"MidiScalesPlugin\\\"",
					"JucePlugin_Desc=\\\"MidiScalesPlugin\\\"",
					"JucePlugin_Manufacturer=\\\"TechnoBros\\\"",
					"JucePlugin_ManufacturerWebsite=\\\"\\\"",
					"JucePlugin_ManufacturerEmail=\\\"\\\"",
					"JucePlugin_ManufacturerCode=0x4d616e75",
					"JucePlugin_PluginCode=0x45626f73",
					"JucePlugin_IsSynth=0",
					"JucePlugin_WantsMidiInput=1",
					"JucePlugin_ProducesMidiOutput=1",
					"JucePlugin_IsMidiEffect=0",
					"JucePlugin_EditorRequiresKeyboardFocus=0",
					"JucePlugin_Version=1.0.0",
					"JucePlugin_VersionCode=0x10000",
					"JucePlugin_VersionString=\\\"1.0.0\\\"",
					"JucePlugin_VSTUniqueID=JucePlugin_PluginCode",
					"JucePlugin_VSTCategory=kPlugCategEffect",
					"JucePlugin_Vst3Category=\\\"Instrument\\\"",
					"JucePlugin_AUMainType='aumf'",
					"JucePlugin_AUSubType=JucePlugin_PluginCode",
					"JucePlugin_AUExportPrefix=MidiScalesPluginAU",
					"JucePlugin_AUExportPrefixQuoted=\\\"MidiScalesPluginAU\\\"",
					"JucePlugin_AUManufacturerCode=JucePlugin_ManufacturerCode",
					"JucePlugin_CFBundleIdentifier=com.TechnoBros.MidiScalesPlugin",
					"JucePlugin_RTASCategory=0",
					"JucePlugin_RTASManufacturerCode=JucePlugin_ManufacturerCode",
					"JucePlugin_RTASProductId=JucePlugin_PluginCode",
					"JucePlugin_RTASDisableBypass=0",
					"JucePlugin_RTASDisableMultiMono=0",
					"JucePlugin_AAXIdentifier=com.TechnoBros.MidiScalesPlugin",
					"JucePlugin_AAXManufacturerCode=JucePlugin_ManufacturerCode",
					"JucePlugin_AAXProductId=JucePlugin_PluginCode",
					"JucePlugin_AAXCategory=0",
					"JucePlugin_AAXDisableBypass=0",
					"JucePlugin_AAXDisableMultiMono=0",
					"JucePlugin_IAAType=0x6175726d",
					"JucePlugin_IAASubType=JucePlugin_PluginCode",
					"JucePlugin_IAAName=\\\"TechnoBros:\\ MidiScalesPlugin\\\"",
					"JucePlugin_VSTNumMidiInputs=16",
					"JucePlugin_VSTNumMidiOutputs=16",
					"JUCE_STANDALONE_APPLICATION=JucePlugin_Build_Standalone",
					"JUCER_XCODE_MAC_F6D2F4CF=1",
					"JUCE_APP_VERSION=1.0.0",
					"JUCE_APP_VERSION_HEX=0x10000",
				);
				GCC_VERSION = com.apple.compilers.llvm.clang.1_0;
				GENERATE_PKGINFO_FILE = YES;
				HEADER_SEARCH_PATHS = (
					"/Users/maaz/JUCE/JUCE/modules/juce_audio_processors/format_types/VST3_SDK",
					"../../JuceLibraryCode",
					"/Users/maaz/JUCE/JUCE/modules",
					"/Users/maaz/JUCE/JUCE/modules/juce_audio_plugin_client",
					"$(inherited)",
				);
				INFOPLIST_FILE = Info-AU.plist;
				INFOPLIST_PREPROCESS = NO;
				INSTALL_PATH = "$(HOME)/Library/Audio/Plug-Ins/Components/";
				LIBRARY_STYLE = Bundle;
				MACOSX_DEPLOYMENT_TARGET = 10.11;
				MTL_HEADER_SEARCH_PATHS = (
					"/Users/maaz/JUCE/JUCE/modules/juce_audio_processors/format_types/VST3_SDK",
					"../../JuceLibraryCode",
					"/Users/maaz/JUCE/JUCE/modules",
					"/Users/maaz/JUCE/JUCE/modules/juce_audio_plugin_client",
				);
				OTHER_LDFLAGS = "-bundle -lMidiScalesPlugin";
				OTHER_REZFLAGS = "-d ppc_$ppc -d i386_$i386 -d ppc64_$ppc64 -d x86_64_$x86_64 -I /System/Library/Frameworks/CoreServices.framework/Frameworks/CarbonCore.framework/Versions/A/Headers -I \"$(DEVELOPER_DIR)/Extras/CoreAudio/AudioUnits/AUPublic/AUBase\" -I \"$(DEVELOPER_DIR)/Platforms/MacOSX.platform/Developer/SDKs/MacOSX.sdk/System/Library/Frameworks/AudioUnit.framework/Headers\"";
				PRODUCT_BUNDLE_IDENTIFIER = com.TechnoBros.MidiScalesPlugin;
				PRODUCT_NAME = "MidiScalesPlugin";
				USE_HEADERMAP = NO;
				VALID_ARCHS = "i386 x86_64 arm64 arm64e";
				WRAPPER_EXTENSION = component;
			};
			name = Debug;
		};
		7FAA4B86843E03A90EA3C8AC = {
			isa = XCBuildConfiguration;
			buildSettings = {
				CLANG_CXX_LANGUAGE_STANDARD = "c++14";
				CLANG_CXX_LIBRARY = "libc++";
				CLANG_LINK_OBJC_RUNTIME = NO;
				CODE_SIGN_IDENTITY = "";
				COMBINE_HIDPI_IMAGES = YES;
				CONFIGURATION_BUILD_DIR = "$(PROJECT_DIR)/build/$(CONFIGURATION)";
				DEAD_CODE_STRIPPING = YES;
				DEPLOYMENT_LOCATION = YES;
				DSTROOT = /;
				GCC_GENERATE_DEBUGGING_SYMBOLS = NO;
				GCC_OPTIMIZATION_LEVEL = 3;
				GCC_PREPROCESSOR_DEFINITIONS = (
					"_NDEBUG=1",
					"NDEBUG=1",
					"JUCE_DISPLAY_SPLASH_SCREEN=0",
					"JUCE_USE_DARK_SPLASH_SCREEN=1",
					"JUCE_PROJUCER_VERSION=0x60005",
					"JUCE_MODULE_AVAILABLE_juce_audio_basics=1",
					"JUCE_MODULE_AVAILABLE_juce_audio_devices=1",
					"JUCE_MODULE_AVAILABLE_juce_audio_formats=1",
					"JUCE_MODULE_AVAILABLE_juce_audio_plugin_client=1",
					"JUCE_MODULE_AVAILABLE_juce_audio_processors=1",
					"JUCE_MODULE_AVAILABLE_juce_audio_utils=1",
					"JUCE_MODULE_AVAILABLE_juce_core=1",
					"JUCE_MODULE_AVAILABLE_juce_data_structures=1",
					"JUCE_MODULE_AVAILABLE_juce_events=1",
					"JUCE_MODULE_AVAILABLE_juce_graphics=1",
					"JUCE_MODULE_AVAILABLE_juce_gui_basics=1",
					"JUCE_MODULE_AVAILABLE_juce_gui_extra=1",
					"JUCE_GLOBAL_MODULE_SETTINGS_INCLUDED=1",
					"JUCE_VST3_CAN_REPLACE_VST2=0",
					"JUCE_STRICT_REFCOUNTEDPOINTER=1",
					"JucePlugin_Build_VST=0",
					"JucePlugin_Build_VST3=0",
					"JucePlugin_Build_AU=1",
					"JucePlugin_Build_AUv3=0",
					"JucePlugin_Build_RTAS=0",
					"JucePlugin_Build_AAX=0",
					"JucePlugin_Build_Standalone=0",
					"JucePlugin_Build_Unity=0",
					"JucePlugin_Enable_IAA=0",
					"JucePlugin_Name=\\\"MidiScalesPlugin\\\"",
					"JucePlugin_Desc=\\\"MidiScalesPlugin\\\"",
					"JucePlugin_Manufacturer=\\\"TechnoBros\\\"",
					"JucePlugin_ManufacturerWebsite=\\\"\\\"",
					"JucePlugin_ManufacturerEmail=\\\"\\\"",
					"JucePlugin_ManufacturerCode=0x4d616e75",
					"JucePlugin_PluginCode=0x45626f73",
					"JucePlugin_IsSynth=0",
					"JucePlugin_WantsMidiInput=1",
					"JucePlugin_ProducesMidiOutput=1",
					"JucePlugin_IsMidiEffect=0",
					"JucePlugin_EditorRequiresKeyboardFocus=0",
					"JucePlugin_Version=1.0.0",
					"JucePlugin_VersionCode=0x10000",
					"JucePlugin_VersionString=\\\"1.0.0\\\"",
					"JucePlugin_VSTUniqueID=JucePlugin_PluginCode",
					"JucePlugin_VSTCategory=kPlugCategEffect",
					"JucePlugin_Vst3Category=\\\"Instrument\\\"",
					"JucePlugin_AUMainType='aumf'",
					"JucePlugin_AUSubType=JucePlugin_PluginCode",
					"JucePlugin_AUExportPrefix=MidiScalesPluginAU",
					"JucePlugin_AUExportPrefixQuoted=\\\"MidiScalesPluginAU\\\"",
					"JucePlugin_AUManufacturerCode=JucePlugin_ManufacturerCode",
					"JucePlugin_CFBundleIdentifier=com.TechnoBros.MidiScalesPlugin",
					"JucePlugin_RTASCategory=0",
					"JucePlugin_RTASManufacturerCode=JucePlugin_ManufacturerCode",
					"JucePlugin_RTASProductId=JucePlugin_PluginCode",
					"JucePlugin_RTASDisableBypass=0",
					"JucePlugin_RTASDisableMultiMono=0",
					"JucePlugin_AAXIdentifier=com.TechnoBros.MidiScalesPlugin",
					"JucePlugin_AAXManufacturerCode=JucePlugin_ManufacturerCode",
					"JucePlugin_AAXProductId=JucePlugin_PluginCode",
					"JucePlugin_AAXCategory=0",
					"JucePlugin_AAXDisableBypass=0",
					"JucePlugin_AAXDisableMultiMono=0",
					"JucePlugin_IAAType=0x6175726d",
					"JucePlugin_IAASubType=JucePlugin_PluginCode",
					"JucePlugin_IAAName=\\\"TechnoBros:\\ MidiScalesPlugin\\\"",
					"JucePlugin_VSTNumMidiInputs=16",
					"JucePlugin_VSTNumMidiOutputs=16",
					"JUCE_STANDALONE_APPLICATION=JucePlugin_Build_Standalone",
					"JUCER_XCODE_MAC_F6D2F4CF=1",
					"JUCE_APP_VERSION=1.0.0",
					"JUCE_APP_VERSION_HEX=0x10000",
				);
				GCC_VERSION = com.apple.compilers.llvm.clang.1_0;
				GENERATE_PKGINFO_FILE = YES;
				HEADER_SEARCH_PATHS = (
					"/Users/maaz/JUCE/JUCE/modules/juce_audio_processors/format_types/VST3_SDK",
					"../../JuceLibraryCode",
					"/Users/maaz/JUCE/JUCE/modules",
					"/Users/maaz/JUCE/JUCE/modules/juce_audio_plugin_client",
					"$(inherited)",
				);
				INFOPLIST_FILE = Info-AU.plist;
				INFOPLIST_PREPROCESS = NO;
				INSTALL_PATH = "$(HOME)/Library/Audio/Plug-Ins/Components/";
				LIBRARY_STYLE = Bundle;
				LLVM_LTO = YES;
				MACOSX_DEPLOYMENT_TARGET = 10.11;
				MTL_HEADER_SEARCH_PATHS = (
					"/Users/maaz/JUCE/JUCE/modules/juce_audio_processors/format_types/VST3_SDK",
					"../../JuceLibraryCode",
					"/Users/maaz/JUCE/JUCE/modules",
					"/Users/maaz/JUCE/JUCE/modules/juce_audio_plugin_client",
				);
				OTHER_LDFLAGS = "-bundle -lMidiScalesPlugin";
				OTHER_REZFLAGS = "-d ppc_$ppc -d i386_$i386 -d ppc64_$ppc64 -d x86_64_$x86_64 -I /System/Library/Frameworks/CoreServices.framework/Frameworks/CarbonCore.framework/Versions/A/Headers -I \"$(DEVELOPER_DIR)/Extras/CoreAudio/AudioUnits/AUPublic/AUBase\" -I \"$(DEVELOPER_DIR)/Platforms/MacOSX.platform/Developer/SDKs/MacOSX.sdk/System/Library/Frameworks/AudioUnit.framework/Headers\"";
				PRODUCT_BUNDLE_IDENTIFIER = com.TechnoBros.MidiScalesPlugin;
				PRODUCT_NAME = "MidiScalesPlugin";
				USE_HEADERMAP = NO;
				VALID_ARCHS = "i386 x86_64 arm64 arm64e";
				WRAPPER_EXTENSION = component;
			};
			name = Release;
		};
		72D2A498B17DA42AA04051FF = {
			isa = XCBuildConfiguration;
			buildSettings = {
				CLANG_CXX_LANGUAGE_STANDARD = "c++14";
				CLANG_CXX_LIBRARY = "libc++";
				CLANG_LINK_OBJC_RUNTIME = NO;
				CODE_SIGN_IDENTITY = "";
				COMBINE_HIDPI_IMAGES = YES;
				CONFIGURATION_BUILD_DIR = "$(PROJECT_DIR)/build/$(CONFIGURATION)";
				COPY_PHASE_STRIP = NO;
				GCC_DYNAMIC_NO_PIC = NO;
				GCC_OPTIMIZATION_LEVEL = 0;
				GCC_PREPROCESSOR_DEFINITIONS = (
					"_DEBUG=1",
					"DEBUG=1",
					"JUCE_DISPLAY_SPLASH_SCREEN=0",
					"JUCE_USE_DARK_SPLASH_SCREEN=1",
					"JUCE_PROJUCER_VERSION=0x60005",
					"JUCE_MODULE_AVAILABLE_juce_audio_basics=1",
					"JUCE_MODULE_AVAILABLE_juce_audio_devices=1",
					"JUCE_MODULE_AVAILABLE_juce_audio_formats=1",
					"JUCE_MODULE_AVAILABLE_juce_audio_plugin_client=1",
					"JUCE_MODULE_AVAILABLE_juce_audio_processors=1",
					"JUCE_MODULE_AVAILABLE_juce_audio_utils=1",
					"JUCE_MODULE_AVAILABLE_juce_core=1",
					"JUCE_MODULE_AVAILABLE_juce_data_structures=1",
					"JUCE_MODULE_AVAILABLE_juce_events=1",
					"JUCE_MODULE_AVAILABLE_juce_graphics=1",
					"JUCE_MODULE_AVAILABLE_juce_gui_basics=1",
					"JUCE_MODULE_AVAILABLE_juce_gui_extra=1",
					"JUCE_GLOBAL_MODULE_SETTINGS_INCLUDED=1",
					"JUCE_VST3_CAN_REPLACE_VST2=0",
					"JUCE_STRICT_REFCOUNTEDPOINTER=1",
					"JucePlugin_Build_VST=0",
					"JucePlugin_Build_VST3=0",
					"JucePlugin_Build_AU=0",
					"JucePlugin_Build_AUv3=0",
					"JucePlugin_Build_RTAS=0",
					"JucePlugin_Build_AAX=0",
					"JucePlugin_Build_Standalone=1",
					"JucePlugin_Build_Unity=0",
					"JucePlugin_Enable_IAA=0",
					"JucePlugin_Name=\\\"MidiScalesPlugin\\\"",
					"JucePlugin_Desc=\\\"MidiScalesPlugin\\\"",
					"JucePlugin_Manufacturer=\\\"TechnoBros\\\"",
					"JucePlugin_ManufacturerWebsite=\\\"\\\"",
					"JucePlugin_ManufacturerEmail=\\\"\\\"",
					"JucePlugin_ManufacturerCode=0x4d616e75",
					"JucePlugin_PluginCode=0x45626f73",
					"JucePlugin_IsSynth=0",
					"JucePlugin_WantsMidiInput=1",
					"JucePlugin_ProducesMidiOutput=1",
					"JucePlugin_IsMidiEffect=0",
					"JucePlugin_EditorRequiresKeyboardFocus=0",
					"JucePlugin_Version=1.0.0",
					"JucePlugin_VersionCode=0x10000",
					"JucePlugin_VersionString=\\\"1.0.0\\\"",
					"JucePlugin_VSTUniqueID=JucePlugin_PluginCode",
					"JucePlugin_VSTCategory=kPlugCategEffect",
					"JucePlugin_Vst3Category=\\\"Instrument\\\"",
					"JucePlugin_AUMainType='aumf'",
					"JucePlugin_AUSubType=JucePlugin_PluginCode",
					"JucePlugin_AUExportPrefix=MidiScalesPluginAU",
					"JucePlugin_AUExportPrefixQuoted=\\\"MidiScalesPluginAU\\\"",
					"JucePlugin_AUManufacturerCode=JucePlugin_ManufacturerCode",
					"JucePlugin_CFBundleIdentifier=com.TechnoBros.MidiScalesPlugin",
					"JucePlugin_RTASCategory=0",
					"JucePlugin_RTASManufacturerCode=JucePlugin_ManufacturerCode",
					"JucePlugin_RTASProductId=JucePlugin_PluginCode",
					"JucePlugin_RTASDisableBypass=0",
					"JucePlugin_RTASDisableMultiMono=0",
					"JucePlugin_AAXIdentifier=com.TechnoBros.MidiScalesPlugin",
					"JucePlugin_AAXManufacturerCode=JucePlugin_ManufacturerCode",
					"JucePlugin_AAXProductId=JucePlugin_PluginCode",
					"JucePlugin_AAXCategory=0",
					"JucePlugin_AAXDisableBypass=0",
					"JucePlugin_AAXDisableMultiMono=0",
					"JucePlugin_IAAType=0x6175726d",
					"JucePlugin_IAASubType=JucePlugin_PluginCode",
					"JucePlugin_IAAName=\\\"TechnoBros:\\ MidiScalesPlugin\\\"",
					"JucePlugin_VSTNumMidiInputs=16",
					"JucePlugin_VSTNumMidiOutputs=16",
					"JUCE_STANDALONE_APPLICATION=JucePlugin_Build_Standalone",
					"JUCER_XCODE_MAC_F6D2F4CF=1",
					"JUCE_APP_VERSION=1.0.0",
					"JUCE_APP_VERSION_HEX=0x10000",
				);
				GCC_VERSION = com.apple.compilers.llvm.clang.1_0;
				HEADER_SEARCH_PATHS = (
					"/Users/maaz/JUCE/JUCE/modules/juce_audio_processors/format_types/VST3_SDK",
					"../../JuceLibraryCode",
					"/Users/maaz/JUCE/JUCE/modules",
					"/Users/maaz/JUCE/JUCE/modules/juce_audio_plugin_client",
					"$(inherited)",
				);
				INFOPLIST_FILE = Info-Standalone_Plugin.plist;
				INFOPLIST_PREPROCESS = NO;
				MACOSX_DEPLOYMENT_TARGET = 10.11;
				MTL_HEADER_SEARCH_PATHS = (
					"/Users/maaz/JUCE/JUCE/modules/juce_audio_processors/format_types/VST3_SDK",
					"../../JuceLibraryCode",
					"/Users/maaz/JUCE/JUCE/modules",
					"/Users/maaz/JUCE/JUCE/modules/juce_audio_plugin_client",
				);
				OTHER_LDFLAGS = "-lMidiScalesPlugin";
				PRODUCT_BUNDLE_IDENTIFIER = com.TechnoBros.MidiScalesPlugin;
				PRODUCT_NAME = "MidiScalesPlugin";
				USE_HEADERMAP = NO;
				VALID_ARCHS = "i386 x86_64 arm64 arm64e";
			};
			name = Debug;
		};
		85BCEB69AA42A9397D2ECD50 = {
			isa = XCBuildConfiguration;
			buildSettings = {
				CLANG_CXX_LANGUAGE_STANDARD = "c++14";
				CLANG_CXX_LIBRARY = "libc++";
				CLANG_LINK_OBJC_RUNTIME = NO;
				CODE_SIGN_IDENTITY = "";
				COMBINE_HIDPI_IMAGES = YES;
				CONFIGURATION_BUILD_DIR = "$(PROJECT_DIR)/build/$(CONFIGURATION)";
				DEAD_CODE_STRIPPING = YES;
				GCC_GENERATE_DEBUGGING_SYMBOLS = NO;
				GCC_OPTIMIZATION_LEVEL = 3;
				GCC_PREPROCESSOR_DEFINITIONS = (
					"_NDEBUG=1",
					"NDEBUG=1",
					"JUCE_DISPLAY_SPLASH_SCREEN=0",
					"JUCE_USE_DARK_SPLASH_SCREEN=1",
					"JUCE_PROJUCER_VERSION=0x60005",
					"JUCE_MODULE_AVAILABLE_juce_audio_basics=1",
					"JUCE_MODULE_AVAILABLE_juce_audio_devices=1",
					"JUCE_MODULE_AVAILABLE_juce_audio_formats=1",
					"JUCE_MODULE_AVAILABLE_juce_audio_plugin_client=1",
					"JUCE_MODULE_AVAILABLE_juce_audio_processors=1",
					"JUCE_MODULE_AVAILABLE_juce_audio_utils=1",
					"JUCE_MODULE_AVAILABLE_juce_core=1",
					"JUCE_MODULE_AVAILABLE_juce_data_structures=1",
					"JUCE_MODULE_AVAILABLE_juce_events=1",
					"JUCE_MODULE_AVAILABLE_juce_graphics=1",
					"JUCE_MODULE_AVAILABLE_juce_gui_basics=1",
					"JUCE_MODULE_AVAILABLE_juce_gui_extra=1",
					"JUCE_GLOBAL_MODULE_SETTINGS_INCLUDED=1",
					"JUCE_VST3_CAN_REPLACE_VST2=0",
					"JUCE_STRICT_REFCOUNTEDPOINTER=1",
					"JucePlugin_Build_VST=0",
					"JucePlugin_Build_VST3=0",
					"JucePlugin_Build_AU=0",
					"JucePlugin_Build_AUv3=0",
					"JucePlugin_Build_RTAS=0",
					"JucePlugin_Build_AAX=0",
					"JucePlugin_Build_Standalone=1",
					"JucePlugin_Build_Unity=0",
					"JucePlugin_Enable_IAA=0",
					"JucePlugin_Name=\\\"MidiScalesPlugin\\\"",
					"JucePlugin_Desc=\\\"MidiScalesPlugin\\\"",
					"JucePlugin_Manufacturer=\\\"TechnoBros\\\"",
					"JucePlugin_ManufacturerWebsite=\\\"\\\"",
					"JucePlugin_ManufacturerEmail=\\\"\\\"",
					"JucePlugin_ManufacturerCode=0x4d616e75",
					"JucePlugin_PluginCode=0x45626f73",
					"JucePlugin_IsSynth=0",
					"JucePlugin_WantsMidiInput=1",
					"JucePlugin_ProducesMidiOutput=1",
					"JucePlugin_IsMidiEffect=0",
					"JucePlugin_EditorRequiresKeyboardFocus=0",
					"JucePlugin_Version=1.0.0",
					"JucePlugin_VersionCode=0x10000",
					"JucePlugin_VersionString=\\\"1.0.0\\\"",
					"JucePlugin_VSTUniqueID=JucePlugin_PluginCode",
					"JucePlugin_VSTCategory=kPlugCategEffect",
					"JucePlugin_Vst3Category=\\\"Instrument\\\"",
					"JucePlugin_AUMainType='aumf'",
					"JucePlugin_AUSubType=JucePlugin_PluginCode",
					"JucePlugin_AUExportPrefix=MidiScalesPluginAU",
					"JucePlugin_AUExportPrefixQuoted=\\\"MidiScalesPluginAU\\\"",
					"JucePlugin_AUManufacturerCode=JucePlugin_ManufacturerCode",
					"JucePlugin_CFBundleIdentifier=com.TechnoBros.MidiScalesPlugin",
					"JucePlugin_RTASCategory=0",
					"JucePlugin_RTASManufacturerCode=JucePlugin_ManufacturerCode",
					"JucePlugin_RTASProductId=JucePlugin_PluginCode",
					"JucePlugin_RTASDisableBypass=0",
					"JucePlugin_RTASDisableMultiMono=0",
					"JucePlugin_AAXIdentifier=com.TechnoBros.MidiScalesPlugin",
					"JucePlugin_AAXManufacturerCode=JucePlugin_ManufacturerCode",
					"JucePlugin_AAXProductId=JucePlugin_PluginCode",
					"JucePlugin_AAXCategory=0",
					"JucePlugin_AAXDisableBypass=0",
					"JucePlugin_AAXDisableMultiMono=0",
					"JucePlugin_IAAType=0x6175726d",
					"JucePlugin_IAASubType=JucePlugin_PluginCode",
					"JucePlugin_IAAName=\\\"TechnoBros:\\ MidiScalesPlugin\\\"",
					"JucePlugin_VSTNumMidiInputs=16",
					"JucePlugin_VSTNumMidiOutputs=16",
					"JUCE_STANDALONE_APPLICATION=JucePlugin_Build_Standalone",
					"JUCER_XCODE_MAC_F6D2F4CF=1",
					"JUCE_APP_VERSION=1.0.0",
					"JUCE_APP_VERSION_HEX=0x10000",
				);
				GCC_VERSION = com.apple.compilers.llvm.clang.1_0;
				HEADER_SEARCH_PATHS = (
					"/Users/maaz/JUCE/JUCE/modules/juce_audio_processors/format_types/VST3_SDK",
					"../../JuceLibraryCode",
					"/Users/maaz/JUCE/JUCE/modules",
					"/Users/maaz/JUCE/JUCE/modules/juce_audio_plugin_client",
					"$(inherited)",
				);
				INFOPLIST_FILE = Info-Standalone_Plugin.plist;
				INFOPLIST_PREPROCESS = NO;
				LLVM_LTO = YES;
				MACOSX_DEPLOYMENT_TARGET = 10.11;
				MTL_HEADER_SEARCH_PATHS = (
					"/Users/maaz/JUCE/JUCE/modules/juce_audio_processors/format_types/VST3_SDK",
					"../../JuceLibraryCode",
					"/Users/maaz/JUCE/JUCE/modules",
					"/Users/maaz/JUCE/JUCE/modules/juce_audio_plugin_client",
				);
				OTHER_LDFLAGS = "-lMidiScalesPlugin";
				PRODUCT_BUNDLE_IDENTIFIER = com.TechnoBros.MidiScalesPlugin;
				PRODUCT_NAME = "MidiScalesPlugin";
				USE_HEADERMAP = NO;
				VALID_ARCHS = "i386 x86_64 arm64 arm64e";
			};
			name = Release;
		};
		93F8D29E907061E67659EC24 = {
			isa = XCBuildConfiguration;
			buildSettings = {
				CLANG_CXX_LANGUAGE_STANDARD = "c++14";
				CLANG_CXX_LIBRARY = "libc++";
				CLANG_LINK_OBJC_RUNTIME = NO;
				CODE_SIGN_IDENTITY = "";
				COMBINE_HIDPI_IMAGES = YES;
				CONFIGURATION_BUILD_DIR = "$(PROJECT_DIR)/build/$(CONFIGURATION)";
				COPY_PHASE_STRIP = NO;
				GCC_DYNAMIC_NO_PIC = NO;
				GCC_OPTIMIZATION_LEVEL = 0;
				GCC_PREPROCESSOR_DEFINITIONS = (
					"_DEBUG=1",
					"DEBUG=1",
					"JUCE_DISPLAY_SPLASH_SCREEN=0",
					"JUCE_USE_DARK_SPLASH_SCREEN=1",
					"JUCE_PROJUCER_VERSION=0x60005",
					"JUCE_MODULE_AVAILABLE_juce_audio_basics=1",
					"JUCE_MODULE_AVAILABLE_juce_audio_devices=1",
					"JUCE_MODULE_AVAILABLE_juce_audio_formats=1",
					"JUCE_MODULE_AVAILABLE_juce_audio_plugin_client=1",
					"JUCE_MODULE_AVAILABLE_juce_audio_processors=1",
					"JUCE_MODULE_AVAILABLE_juce_audio_utils=1",
					"JUCE_MODULE_AVAILABLE_juce_core=1",
					"JUCE_MODULE_AVAILABLE_juce_data_structures=1",
					"JUCE_MODULE_AVAILABLE_juce_events=1",
					"JUCE_MODULE_AVAILABLE_juce_graphics=1",
					"JUCE_MODULE_AVAILABLE_juce_gui_basics=1",
					"JUCE_MODULE_AVAILABLE_juce_gui_extra=1",
					"JUCE_GLOBAL_MODULE_SETTINGS_INCLUDED=1",
					"JUCE_VST3_CAN_REPLACE_VST2=0",
					"JUCE_STRICT_REFCOUNTEDPOINTER=1",
					"JucePlugin_Build_VST=0",
					"JucePlugin_Build_VST3=1",
					"JucePlugin_Build_AU=1",
					"JucePlugin_Build_AUv3=0",
					"JucePlugin_Build_RTAS=0",
					"JucePlugin_Build_AAX=0",
					"JucePlugin_Build_Standalone=1",
					"JucePlugin_Build_Unity=0",
					"JucePlugin_Enable_IAA=0",
					"JucePlugin_Name=\\\"MidiScalesPlugin\\\"",
					"JucePlugin_Desc=\\\"MidiScalesPlugin\\\"",
					"JucePlugin_Manufacturer=\\\"TechnoBros\\\"",
					"JucePlugin_ManufacturerWebsite=\\\"\\\"",
					"JucePlugin_ManufacturerEmail=\\\"\\\"",
					"JucePlugin_ManufacturerCode=0x4d616e75",
					"JucePlugin_PluginCode=0x45626f73",
					"JucePlugin_IsSynth=0",
					"JucePlugin_WantsMidiInput=1",
					"JucePlugin_ProducesMidiOutput=1",
					"JucePlugin_IsMidiEffect=0",
					"JucePlugin_EditorRequiresKeyboardFocus=0",
					"JucePlugin_Version=1.0.0",
					"JucePlugin_VersionCode=0x10000",
					"JucePlugin_VersionString=\\\"1.0.0\\\"",
					"JucePlugin_VSTUniqueID=JucePlugin_PluginCode",
					"JucePlugin_VSTCategory=kPlugCategEffect",
					"JucePlugin_Vst3Category=\\\"Instrument\\\"",
					"JucePlugin_AUMainType='aumf'",
					"JucePlugin_AUSubType=JucePlugin_PluginCode",
					"JucePlugin_AUExportPrefix=MidiScalesPluginAU",
					"JucePlugin_AUExportPrefixQuoted=\\\"MidiScalesPluginAU\\\"",
					"JucePlugin_AUManufacturerCode=JucePlugin_ManufacturerCode",
					"JucePlugin_CFBundleIdentifier=com.TechnoBros.MidiScalesPlugin",
					"JucePlugin_RTASCategory=0",
					"JucePlugin_RTASManufacturerCode=JucePlugin_ManufacturerCode",
					"JucePlugin_RTASProductId=JucePlugin_PluginCode",
					"JucePlugin_RTASDisableBypass=0",
					"JucePlugin_RTASDisableMultiMono=0",
					"JucePlugin_AAXIdentifier=com.TechnoBros.MidiScalesPlugin",
					"JucePlugin_AAXManufacturerCode=JucePlugin_ManufacturerCode",
					"JucePlugin_AAXProductId=JucePlugin_PluginCode",
					"JucePlugin_AAXCategory=0",
					"JucePlugin_AAXDisableBypass=0",
					"JucePlugin_AAXDisableMultiMono=0",
					"JucePlugin_IAAType=0x6175726d",
					"JucePlugin_IAASubType=JucePlugin_PluginCode",
					"JucePlugin_IAAName=\\\"TechnoBros:\\ MidiScalesPlugin\\\"",
					"JucePlugin_VSTNumMidiInputs=16",
					"JucePlugin_VSTNumMidiOutputs=16",
					"JUCE_STANDALONE_APPLICATION=JucePlugin_Build_Standalone",
					"JUCER_XCODE_MAC_F6D2F4CF=1",
					"JUCE_APP_VERSION=1.0.0",
					"JUCE_APP_VERSION_HEX=0x10000",
					"JUCE_SHARED_CODE=1",
				);
				GCC_VERSION = com.apple.compilers.llvm.clang.1_0;
				HEADER_SEARCH_PATHS = (
					"/Users/maaz/JUCE/JUCE/modules/juce_audio_processors/format_types/VST3_SDK",
					"../../JuceLibraryCode",
					"/Users/maaz/JUCE/JUCE/modules",
					"/Users/maaz/JUCE/JUCE/modules/juce_audio_plugin_client",
					"$(inherited)",
				);
				INSTALL_PATH = "@executable_path/../Frameworks";
				MACOSX_DEPLOYMENT_TARGET = 10.11;
				MTL_HEADER_SEARCH_PATHS = (
					"/Users/maaz/JUCE/JUCE/modules/juce_audio_processors/format_types/VST3_SDK",
					"../../JuceLibraryCode",
					"/Users/maaz/JUCE/JUCE/modules",
					"/Users/maaz/JUCE/JUCE/modules/juce_audio_plugin_client",
				);
				PRODUCT_BUNDLE_IDENTIFIER = com.TechnoBros.MidiScalesPlugin;
				PRODUCT_NAME = "MidiScalesPlugin";
				SKIP_INSTALL = YES;
				USE_HEADERMAP = NO;
				VALID_ARCHS = "i386 x86_64 arm64 arm64e";
			};
			name = Debug;
		};
		A83F1F0609CB01FD7F1B1DC4 = {
			isa = XCBuildConfiguration;
			buildSettings = {
				CLANG_CXX_LANGUAGE_STANDARD = "c++14";
				CLANG_CXX_LIBRARY = "libc++";
				CLANG_LINK_OBJC_RUNTIME = NO;
				CODE_SIGN_IDENTITY = "";
				COMBINE_HIDPI_IMAGES = YES;
				CONFIGURATION_BUILD_DIR = "$(PROJECT_DIR)/build/$(CONFIGURATION)";
				DEAD_CODE_STRIPPING = YES;
				GCC_GENERATE_DEBUGGING_SYMBOLS = NO;
				GCC_OPTIMIZATION_LEVEL = 3;
				GCC_PREPROCESSOR_DEFINITIONS = (
					"_NDEBUG=1",
					"NDEBUG=1",
					"JUCE_DISPLAY_SPLASH_SCREEN=0",
					"JUCE_USE_DARK_SPLASH_SCREEN=1",
					"JUCE_PROJUCER_VERSION=0x60005",
					"JUCE_MODULE_AVAILABLE_juce_audio_basics=1",
					"JUCE_MODULE_AVAILABLE_juce_audio_devices=1",
					"JUCE_MODULE_AVAILABLE_juce_audio_formats=1",
					"JUCE_MODULE_AVAILABLE_juce_audio_plugin_client=1",
					"JUCE_MODULE_AVAILABLE_juce_audio_processors=1",
					"JUCE_MODULE_AVAILABLE_juce_audio_utils=1",
					"JUCE_MODULE_AVAILABLE_juce_core=1",
					"JUCE_MODULE_AVAILABLE_juce_data_structures=1",
					"JUCE_MODULE_AVAILABLE_juce_events=1",
					"JUCE_MODULE_AVAILABLE_juce_graphics=1",
					"JUCE_MODULE_AVAILABLE_juce_gui_basics=1",
					"JUCE_MODULE_AVAILABLE_juce_gui_extra=1",
					"JUCE_GLOBAL_MODULE_SETTINGS_INCLUDED=1",
					"JUCE_VST3_CAN_REPLACE_VST2=0",
					"JUCE_STRICT_REFCOUNTEDPOINTER=1",
					"JucePlugin_Build_VST=0",
					"JucePlugin_Build_VST3=1",
					"JucePlugin_Build_AU=1",
					"JucePlugin_Build_AUv3=0",
					"JucePlugin_Build_RTAS=0",
					"JucePlugin_Build_AAX=0",
					"JucePlugin_Build_Standalone=1",
					"JucePlugin_Build_Unity=0",
					"JucePlugin_Enable_IAA=0",
					"JucePlugin_Name=\\\"MidiScalesPlugin\\\"",
					"JucePlugin_Desc=\\\"MidiScalesPlugin\\\"",
					"JucePlugin_Manufacturer=\\\"TechnoBros\\\"",
					"JucePlugin_ManufacturerWebsite=\\\"\\\"",
					"JucePlugin_ManufacturerEmail=\\\"\\\"",
					"JucePlugin_ManufacturerCode=0x4d616e75",
					"JucePlugin_PluginCode=0x45626f73",
					"JucePlugin_IsSynth=0",
					"JucePlugin_WantsMidiInput=1",
					"JucePlugin_ProducesMidiOutput=1",
					"JucePlugin_IsMidiEffect=0",
					"JucePlugin_EditorRequiresKeyboardFocus=0",
					"JucePlugin_Version=1.0.0",
					"JucePlugin_VersionCode=0x10000",
					"JucePlugin_VersionString=\\\"1.0.0\\\"",
					"JucePlugin_VSTUniqueID=JucePlugin_PluginCode",
					"JucePlugin_VSTCategory=kPlugCategEffect",
					"JucePlugin_Vst3Category=\\\"Instrument\\\"",
					"JucePlugin_AUMainType='aumf'",
					"JucePlugin_AUSubType=JucePlugin_PluginCode",
					"JucePlugin_AUExportPrefix=MidiScalesPluginAU",
					"JucePlugin_AUExportPrefixQuoted=\\\"MidiScalesPluginAU\\\"",
					"JucePlugin_AUManufacturerCode=JucePlugin_ManufacturerCode",
					"JucePlugin_CFBundleIdentifier=com.TechnoBros.MidiScalesPlugin",
					"JucePlugin_RTASCategory=0",
					"JucePlugin_RTASManufacturerCode=JucePlugin_ManufacturerCode",
					"JucePlugin_RTASProductId=JucePlugin_PluginCode",
					"JucePlugin_RTASDisableBypass=0",
					"JucePlugin_RTASDisableMultiMono=0",
					"JucePlugin_AAXIdentifier=com.TechnoBros.MidiScalesPlugin",
					"JucePlugin_AAXManufacturerCode=JucePlugin_ManufacturerCode",
					"JucePlugin_AAXProductId=JucePlugin_PluginCode",
					"JucePlugin_AAXCategory=0",
					"JucePlugin_AAXDisableBypass=0",
					"JucePlugin_AAXDisableMultiMono=0",
					"JucePlugin_IAAType=0x6175726d",
					"JucePlugin_IAASubType=JucePlugin_PluginCode",
					"JucePlugin_IAAName=\\\"TechnoBros:\\ MidiScalesPlugin\\\"",
					"JucePlugin_VSTNumMidiInputs=16",
					"JucePlugin_VSTNumMidiOutputs=16",
					"JUCE_STANDALONE_APPLICATION=JucePlugin_Build_Standalone",
					"JUCER_XCODE_MAC_F6D2F4CF=1",
					"JUCE_APP_VERSION=1.0.0",
					"JUCE_APP_VERSION_HEX=0x10000",
					"JUCE_SHARED_CODE=1",
				);
				GCC_VERSION = com.apple.compilers.llvm.clang.1_0;
				HEADER_SEARCH_PATHS = (
					"/Users/maaz/JUCE/JUCE/modules/juce_audio_processors/format_types/VST3_SDK",
					"../../JuceLibraryCode",
					"/Users/maaz/JUCE/JUCE/modules",
					"/Users/maaz/JUCE/JUCE/modules/juce_audio_plugin_client",
					"$(inherited)",
				);
				INSTALL_PATH = "@executable_path/../Frameworks";
				LLVM_LTO = YES;
				MACOSX_DEPLOYMENT_TARGET = 10.11;
				MTL_HEADER_SEARCH_PATHS = (
					"/Users/maaz/JUCE/JUCE/modules/juce_audio_processors/format_types/VST3_SDK",
					"../../JuceLibraryCode",
					"/Users/maaz/JUCE/JUCE/modules",
					"/Users/maaz/JUCE/JUCE/modules/juce_audio_plugin_client",
				);
				PRODUCT_BUNDLE_IDENTIFIER = com.TechnoBros.MidiScalesPlugin;
				PRODUCT_NAME = "MidiScalesPlugin";
				SKIP_INSTALL = YES;
				USE_HEADERMAP = NO;
				VALID_ARCHS = "i386 x86_64 arm64 arm64e";
			};
			name = Release;
		};
		6AD3AD5E33658589D5D8F6E1 = {
			isa = XCBuildConfiguration;
			buildSettings = {
				ALWAYS_SEARCH_USER_PATHS = NO;
				CLANG_ENABLE_OBJC_WEAK = YES;
				CLANG_WARN_BLOCK_CAPTURE_AUTORELEASING = YES;
				CLANG_WARN_BOOL_CONVERSION = YES;
				CLANG_WARN_COMMA = YES;
				CLANG_WARN_CONSTANT_CONVERSION = YES;
				CLANG_WARN_DEPRECATED_OBJC_IMPLEMENTATIONS = YES;
				CLANG_WARN_EMPTY_BODY = YES;
				CLANG_WARN_ENUM_CONVERSION = YES;
				CLANG_WARN_INFINITE_RECURSION = YES;
				CLANG_WARN_INT_CONVERSION = YES;
				CLANG_WARN_NON_LITERAL_NULL_CONVERSION = YES;
				CLANG_WARN_OBJC_IMPLICIT_RETAIN_SELF = YES;
				CLANG_WARN_OBJC_LITERAL_CONVERSION = YES;
				CLANG_WARN_RANGE_LOOP_ANALYSIS = YES;
				CLANG_WARN_STRICT_PROTOTYPES = YES;
				CLANG_WARN_SUSPICIOUS_MOVE = YES;
				CLANG_WARN_UNREACHABLE_CODE = YES;
				CLANG_WARN__DUPLICATE_METHOD_MATCH = YES;
				CODE_SIGN_IDENTITY = "";
				DEBUG_INFORMATION_FORMAT = dwarf;
				ENABLE_STRICT_OBJC_MSGSEND = YES;
				ENABLE_TESTABILITY = NO;
				GCC_C_LANGUAGE_STANDARD = c11;
				GCC_INLINES_ARE_PRIVATE_EXTERN = YES;
				GCC_MODEL_TUNING = G5;
				GCC_NO_COMMON_BLOCKS = YES;
				GCC_SYMBOLS_PRIVATE_EXTERN = YES;
				GCC_WARN_64_TO_32_BIT_CONVERSION = YES;
				GCC_WARN_ABOUT_RETURN_TYPE = YES;
				GCC_WARN_CHECK_SWITCH_STATEMENTS = YES;
				GCC_WARN_MISSING_PARENTHESES = YES;
				GCC_WARN_NON_VIRTUAL_DESTRUCTOR = YES;
				GCC_WARN_TYPECHECK_CALLS_TO_PRINTF = YES;
				GCC_WARN_UNDECLARED_SELECTOR = YES;
				GCC_WARN_UNINITIALIZED_AUTOS = YES;
				GCC_WARN_UNUSED_FUNCTION = YES;
				GCC_WARN_UNUSED_VARIABLE = YES;
				ONLY_ACTIVE_ARCH = YES;
				PRODUCT_NAME = "MidiScalesPlugin";
				SDKROOT = macosx;
				WARNING_CFLAGS = "-Wreorder";
				ZERO_LINK = NO;
			};
			name = Debug;
		};
		DD000379FCE954192E40748E = {
			isa = XCBuildConfiguration;
			buildSettings = {
				ALWAYS_SEARCH_USER_PATHS = NO;
				CLANG_ENABLE_OBJC_WEAK = YES;
				CLANG_WARN_BLOCK_CAPTURE_AUTORELEASING = YES;
				CLANG_WARN_BOOL_CONVERSION = YES;
				CLANG_WARN_COMMA = YES;
				CLANG_WARN_CONSTANT_CONVERSION = YES;
				CLANG_WARN_DEPRECATED_OBJC_IMPLEMENTATIONS = YES;
				CLANG_WARN_EMPTY_BODY = YES;
				CLANG_WARN_ENUM_CONVERSION = YES;
				CLANG_WARN_INFINITE_RECURSION = YES;
				CLANG_WARN_INT_CONVERSION = YES;
				CLANG_WARN_NON_LITERAL_NULL_CONVERSION = YES;
				CLANG_WARN_OBJC_IMPLICIT_RETAIN_SELF = YES;
				CLANG_WARN_OBJC_LITERAL_CONVERSION = YES;
				CLANG_WARN_RANGE_LOOP_ANALYSIS = YES;
				CLANG_WARN_STRICT_PROTOTYPES = YES;
				CLANG_WARN_SUSPICIOUS_MOVE = YES;
				CLANG_WARN_UNREACHABLE_CODE = YES;
				CLANG_WARN__DUPLICATE_METHOD_MATCH = YES;
				CODE_SIGN_IDENTITY = "";
				DEBUG_INFORMATION_FORMAT = dwarf;
				ENABLE_STRICT_OBJC_MSGSEND = YES;
				ENABLE_TESTABILITY = NO;
				GCC_C_LANGUAGE_STANDARD = c11;
				GCC_INLINES_ARE_PRIVATE_EXTERN = YES;
				GCC_MODEL_TUNING = G5;
				GCC_NO_COMMON_BLOCKS = YES;
				GCC_SYMBOLS_PRIVATE_EXTERN = YES;
				GCC_WARN_64_TO_32_BIT_CONVERSION = YES;
				GCC_WARN_ABOUT_RETURN_TYPE = YES;
				GCC_WARN_CHECK_SWITCH_STATEMENTS = YES;
				GCC_WARN_MISSING_PARENTHESES = YES;
				GCC_WARN_NON_VIRTUAL_DESTRUCTOR = YES;
				GCC_WARN_TYPECHECK_CALLS_TO_PRINTF = YES;
				GCC_WARN_UNDECLARED_SELECTOR = YES;
				GCC_WARN_UNINITIALIZED_AUTOS = YES;
				GCC_WARN_UNUSED_FUNCTION = YES;
				GCC_WARN_UNUSED_VARIABLE = YES;
				PRODUCT_NAME = "MidiScalesPlugin";
				SDKROOT = macosx;
				WARNING_CFLAGS = "-Wreorder";
				ZERO_LINK = NO;
			};
			name = Release;
		};
		9809D57C5E5DFC1F191744E6 = {
			isa = XCConfigurationList;
			buildConfigurations = (
				6AD3AD5E33658589D5D8F6E1,
				DD000379FCE954192E40748E,
			);
			defaultConfigurationIsVisible = 0;
			defaultConfigurationName = Debug;
		};
		297389218FB9945B70939098 = {
			isa = XCConfigurationList;
			buildConfigurations = (
				90C4E74383FF4B059C2C7B0E,
				A84D7E8F14EB422E6569CD08,
			);
			defaultConfigurationIsVisible = 0;
			defaultConfigurationName = Debug;
		};
		BD207FE800D6A0168A51CA04 = {
			isa = PBXAggregateTarget;
			buildConfigurationList = 297389218FB9945B70939098;
			buildPhases = ( );
			buildRules = ( );
			dependencies = (
				B4A1720FE83BB049A5B5C4C3,
				0D27917B704FAFDEB0E00B3D,
				07888E70EFA93CEDAC88085D,
				7A4FA9A428B774E7499BEBD7,
			);
			name = "MidiScalesPlugin - All";
			productName = MidiScalesPlugin;
		};
		AAC429FD8C46DC4960613E7D = {
			isa = XCConfigurationList;
			buildConfigurations = (
				EFF4A40F537AE45773DC64CD,
				275E6744ABB710F0CDFAF445,
			);
			defaultConfigurationIsVisible = 0;
			defaultConfigurationName = Debug;
		};
		5321C0D3491A8F2F0576BDED = {
			isa = PBXResourcesBuildPhase;
			buildActionMask = 2147483647;
			files = (
				E7C09BF0F6AA17A0CBE15D54,
			);
			runOnlyForDeploymentPostprocessing = 0;
		};
		0AD425213312E9E0FAF0DEF1 = {
			isa = PBXSourcesBuildPhase;
			buildActionMask = 2147483647;
			files = (
				34264338FFEDD7FA834E308E,
			);
			runOnlyForDeploymentPostprocessing = 0;
		};
		F391FCFE67311F34FB7926C8 = {
			isa = PBXFrameworksBuildPhase;
			buildActionMask = 2147483647;
			files = (
				7E55A6F3C4AED7397D453840,
				8D6FCD0484D0BF4A604A1DE2,
				BC30253D5C3B7612F1C0C191,
				C27C0AC457416BD7A6871543,
				C70CE5EB6DEA747167CE034E,
				E9A86E4B9375CD7F009DE521,
				3D3B8695867CA1B573BE14E8,
				725BF876A49204BE72F746AE,
				CF1B595342345C9C4D0A6A7C,
				99C3354E7952E5B621527931,
				DCFD6A73C85815620C6932B7,
				054E9343BE5DCEF8F89FA510,
			);
			runOnlyForDeploymentPostprocessing = 0;
		};
		0B5E459F1B010D0DACA0842A = {
			isa = PBXNativeTarget;
			buildConfigurationList = AAC429FD8C46DC4960613E7D;
			buildPhases = (
				5321C0D3491A8F2F0576BDED,
				0AD425213312E9E0FAF0DEF1,
				F391FCFE67311F34FB7926C8,
			);
			buildRules = ( );
			dependencies = (
				2DC2BE406CD49D484C34579C,
			);
			name = "MidiScalesPlugin - VST3";
			productName = MidiScalesPlugin;
			productReference = 7736FCE57F7529D4A8BEAAEA;
			productType = "com.apple.product-type.bundle";
		};
		F6F2B92E2F81C4C1CDA52459 = {
			isa = XCConfigurationList;
			buildConfigurations = (
				61C5BE76E806FE6D10C97293,
				7FAA4B86843E03A90EA3C8AC,
			);
			defaultConfigurationIsVisible = 0;
			defaultConfigurationName = Debug;
		};
		FC0DC0DF0C2A4B5D9BACF6E1 = {
			isa = PBXResourcesBuildPhase;
			buildActionMask = 2147483647;
			files = (
				E7C09BF0F6AA17A0CBE15D54,
			);
			runOnlyForDeploymentPostprocessing = 0;
		};
		3B3FB0D0A7908E0F9C053872 = {
			isa = PBXRezBuildPhase;
			buildActionMask = 2147483647;
			files = (
				B91D79B155E6393488D9C5ED,
			);
			runOnlyForDeploymentPostprocessing = 0;
		};
		4380CED162231F64D5ECF8E2 = {
			isa = PBXSourcesBuildPhase;
			buildActionMask = 2147483647;
			files = (
				6733EAD62AB174F1932AA2A1,
				1AA7BEAA0CE589E2B0BA009A,
			);
			runOnlyForDeploymentPostprocessing = 0;
		};
		69C9155F6A00B46F0EC2AC25 = {
			isa = PBXFrameworksBuildPhase;
			buildActionMask = 2147483647;
			files = (
				D0CA9933FF57635F28F7B24F,
				7E55A6F3C4AED7397D453840,
				8D6FCD0484D0BF4A604A1DE2,
				BC30253D5C3B7612F1C0C191,
				C27C0AC457416BD7A6871543,
				C70CE5EB6DEA747167CE034E,
				E9A86E4B9375CD7F009DE521,
				3D3B8695867CA1B573BE14E8,
				725BF876A49204BE72F746AE,
				CF1B595342345C9C4D0A6A7C,
				99C3354E7952E5B621527931,
				DCFD6A73C85815620C6932B7,
				054E9343BE5DCEF8F89FA510,
			);
			runOnlyForDeploymentPostprocessing = 0;
		};
		BE66000BA679FD0548216B81 = {
			isa = PBXNativeTarget;
			buildConfigurationList = F6F2B92E2F81C4C1CDA52459;
			buildPhases = (
				FC0DC0DF0C2A4B5D9BACF6E1,
				3B3FB0D0A7908E0F9C053872,
				4380CED162231F64D5ECF8E2,
				69C9155F6A00B46F0EC2AC25,
			);
			buildRules = ( );
			dependencies = (
				2335D71642E2E1AB9211340D,
			);
			name = "MidiScalesPlugin - AU";
			productName = MidiScalesPlugin;
			productReference = 7AC7927C246FD08230DE1006;
			productType = "com.apple.product-type.bundle";
		};
		B1CF47F0EEDEC17FD2A1F96C = {
			isa = XCConfigurationList;
			buildConfigurations = (
				72D2A498B17DA42AA04051FF,
				85BCEB69AA42A9397D2ECD50,
			);
			defaultConfigurationIsVisible = 0;
			defaultConfigurationName = Debug;
		};
		267BC7C09A0EFC3B1B1CFFD5 = {
			isa = PBXResourcesBuildPhase;
			buildActionMask = 2147483647;
			files = (
				E7C09BF0F6AA17A0CBE15D54,
			);
			runOnlyForDeploymentPostprocessing = 0;
		};
		E393AE0EBDC3F860B5F0C24B = {
			isa = PBXSourcesBuildPhase;
			buildActionMask = 2147483647;
			files = (
				43C6C068780965C433C34BD6,
			);
			runOnlyForDeploymentPostprocessing = 0;
		};
		22F01849336F05E080F1E3A2 = {
			isa = PBXFrameworksBuildPhase;
			buildActionMask = 2147483647;
			files = (
				7E55A6F3C4AED7397D453840,
				8D6FCD0484D0BF4A604A1DE2,
				BC30253D5C3B7612F1C0C191,
				C27C0AC457416BD7A6871543,
				C70CE5EB6DEA747167CE034E,
				E9A86E4B9375CD7F009DE521,
				3D3B8695867CA1B573BE14E8,
				725BF876A49204BE72F746AE,
				CF1B595342345C9C4D0A6A7C,
				99C3354E7952E5B621527931,
				DCFD6A73C85815620C6932B7,
				054E9343BE5DCEF8F89FA510,
			);
			runOnlyForDeploymentPostprocessing = 0;
		};
		3D60088EFF1FCEBB61504DF9 = {
			isa = PBXNativeTarget;
			buildConfigurationList = B1CF47F0EEDEC17FD2A1F96C;
			buildPhases = (
				267BC7C09A0EFC3B1B1CFFD5,
				E393AE0EBDC3F860B5F0C24B,
				22F01849336F05E080F1E3A2,
			);
			buildRules = ( );
			dependencies = (
				5D72F469D1C2EC640BF4CE05,
			);
			name = "MidiScalesPlugin - Standalone Plugin";
			productName = MidiScalesPlugin;
			productReference = 8BB405182635CEBAAAC0973B;
			productType = "com.apple.product-type.application";
		};
		7377EC5F99B85A50BE3B16A5 = {
			isa = XCConfigurationList;
			buildConfigurations = (
				93F8D29E907061E67659EC24,
				A83F1F0609CB01FD7F1B1DC4,
			);
			defaultConfigurationIsVisible = 0;
			defaultConfigurationName = Debug;
		};
		F603E0BA119B271E35421237 = {
			isa = PBXSourcesBuildPhase;
			buildActionMask = 2147483647;
			files = (
				EA45B527900D574BB7D86C9A,
				4FD4616B5846DCAC0EDB5A8A,
				EE4CF01A9BA2F29BA3B2E945,
				ECA2F466AE3953379F7B04CE,
				A91817C47C67FD315280AFC1,
				AE9EDCA67B370142479440AB,
				A7B045F8A9CEB6CE50AB98BC,
				1ED794EEBAC4607AF657B80A,
				F3D88DCB7ADC6A053536E422,
				18EA5BEA459359563099C3E1,
				8D3FE3A7675178A3D2ABA3D3,
				1A7500EB505EF7B78B7FF134,
				BDF3BBF3400ED9527AC8A079,
				411E45C054DD564538DEADDD,
				A7B20A1F722390FF3DC5D4D1,
				FA3AB88733557BE641A8DD2B,
				BB79773922A4EEAD4357C6B3,
				40E43CCA31E0547137B78F10,
			);
			runOnlyForDeploymentPostprocessing = 0;
		};
		287565EFC335BF5FA9A3FB08 = {
			isa = PBXNativeTarget;
			buildConfigurationList = 7377EC5F99B85A50BE3B16A5;
			buildPhases = (
				F603E0BA119B271E35421237,
			);
			buildRules = ( );
			dependencies = ( );
			name = "MidiScalesPlugin - Shared Code";
			productName = MidiScalesPlugin;
			productReference = 495629CB62763A99A662017B;
			productType = "com.apple.product-type.library.static";
		};
		96633592E359A22C28FD22C7 = {
			isa = PBXProject;
			buildConfigurationList = 9809D57C5E5DFC1F191744E6;
			attributes = { LastUpgradeCheck = 1200; ORGANIZATIONNAME = ""; TargetAttributes = { BD207FE800D6A0168A51CA04 = { SystemCapabilities = {com.apple.ApplicationGroups.iOS = { enabled = 0; }; com.apple.InAppPurchase = { enabled = 0; }; com.apple.InterAppAudio = { enabled = 0; }; com.apple.Push = { enabled = 0; }; com.apple.Sandbox = { enabled = 0; }; com.apple.HardenedRuntime = { enabled = 0; }; }; };0B5E459F1B010D0DACA0842A = { SystemCapabilities = {com.apple.ApplicationGroups.iOS = { enabled = 0; }; com.apple.InAppPurchase = { enabled = 0; }; com.apple.InterAppAudio = { enabled = 0; }; com.apple.Push = { enabled = 0; }; com.apple.Sandbox = { enabled = 0; }; com.apple.HardenedRuntime = { enabled = 0; }; }; };BE66000BA679FD0548216B81 = { SystemCapabilities = {com.apple.ApplicationGroups.iOS = { enabled = 0; }; com.apple.InAppPurchase = { enabled = 0; }; com.apple.InterAppAudio = { enabled = 0; }; com.apple.Push = { enabled = 0; }; com.apple.Sandbox = { enabled = 0; }; com.apple.HardenedRuntime = { enabled = 0; }; }; };3D60088EFF1FCEBB61504DF9 = { SystemCapabilities = {com.apple.ApplicationGroups.iOS = { enabled = 0; }; com.apple.InAppPurchase = { enabled = 0; }; com.apple.InterAppAudio = { enabled = 0; }; com.apple.Push = { enabled = 0; }; com.apple.Sandbox = { enabled = 0; }; com.apple.HardenedRuntime = { enabled = 0; }; }; };287565EFC335BF5FA9A3FB08 = { SystemCapabilities = {com.apple.ApplicationGroups.iOS = { enabled = 0; }; com.apple.InAppPurchase = { enabled = 0; }; com.apple.InterAppAudio = { enabled = 0; }; com.apple.Push = { enabled = 0; }; com.apple.Sandbox = { enabled = 0; }; com.apple.HardenedRuntime = { enabled = 0; }; }; }; }; };
			compatibilityVersion = "Xcode 3.2";
			hasScannedForEncodings = 0;
			mainGroup = 68B9E98DA15450402C8425CE;
			projectDirPath = "";
			projectRoot = "";
			targets = (BD207FE800D6A0168A51CA04, 0B5E459F1B010D0DACA0842A, BE66000BA679FD0548216B81, 3D60088EFF1FCEBB61504DF9, 287565EFC335BF5FA9A3FB08);
			knownRegions = (en, Base);
		};
	};
	rootObject = 96633592E359A22C28FD22C7;
}
